// !$*UTF8*$!
{
	archiveVersion = 1;
	classes = {
	};
	objectVersion = 46;
	objects = {

/* Begin PBXBuildFile section */
		A809521B1BDE2B0C00172996 /* GNObjectTests.c in Sources */ = {isa = PBXBuildFile; fileRef = A80952191BDE2B0C00172996 /* GNObjectTests.c */; };
		A809521F1BDE50C400172996 /* GNString.c in Sources */ = {isa = PBXBuildFile; fileRef = A809521D1BDE50C400172996 /* GNString.c */; };
		A8156DA71BC292440075EE68 /* GNStructurePrintTests.c in Sources */ = {isa = PBXBuildFile; fileRef = A8156DA51BC292440075EE68 /* GNStructurePrintTests.c */; };
		A821FE1F1BDA6A3400589E61 /* GNObject.c in Sources */ = {isa = PBXBuildFile; fileRef = A821FE1D1BDA6A3400589E61 /* GNObject.c */; };
		A8324D911BC403FF001F98CC /* GNValueBitOutput.c in Sources */ = {isa = PBXBuildFile; fileRef = A8324D8F1BC403FF001F98CC /* GNValueBitOutput.c */; };
		A86D3FD01BEBD39B0064315E /* GNDynamicArray.c in Sources */ = {isa = PBXBuildFile; fileRef = A86D3FCE1BEBD39B0064315E /* GNDynamicArray.c */; };
		A873DC211BD39C0C007981B2 /* GNHumanTests.c in Sources */ = {isa = PBXBuildFile; fileRef = A873DC1F1BD39C0C007981B2 /* GNHumanTests.c */; };
		A87EE51A1BCD4DF3000E3CC6 /* GNHuman.c in Sources */ = {isa = PBXBuildFile; fileRef = A87EE5181BCD4DF3000E3CC6 /* GNHuman.c */; };
		A89902C61BC6AA5A002225C4 /* GNValueBitOutputTests.c in Sources */ = {isa = PBXBuildFile; fileRef = A89902C41BC6AA5A002225C4 /* GNValueBitOutputTests.c */; };
		A8A62C6E1BDE710600B39401 /* GNArray.c in Sources */ = {isa = PBXBuildFile; fileRef = A8A62C6C1BDE710600B39401 /* GNArray.c */; };
		A8D5ED3A1BBD58CF0067BF9D /* GNParentTypeOutput.c in Sources */ = {isa = PBXBuildFile; fileRef = A8D5ED2B1BBD58CF0067BF9D /* GNParentTypeOutput.c */; };
		A8D5ED3B1BBD58CF0067BF9D /* main.c in Sources */ = {isa = PBXBuildFile; fileRef = A8D5ED2F1BBD58CF0067BF9D /* main.c */; };
		A8D5ED3C1BBD58CF0067BF9D /* GNBasicTypeValuePrintTest.c in Sources */ = {isa = PBXBuildFile; fileRef = A8D5ED321BBD58CF0067BF9D /* GNBasicTypeValuePrintTest.c */; };
		A8D5ED3D1BBD58CF0067BF9D /* GNParentTypeOutputTests.c in Sources */ = {isa = PBXBuildFile; fileRef = A8D5ED351BBD58CF0067BF9D /* GNParentTypeOutputTests.c */; };
		A8D5ED3E1BBD58CF0067BF9D /* GNSizeOfTypesPrintTest.c in Sources */ = {isa = PBXBuildFile; fileRef = A8D5ED381BBD58CF0067BF9D /* GNSizeOfTypesPrintTest.c */; };
/* End PBXBuildFile section */

/* Begin PBXCopyFilesBuildPhase section */
		A8E777C21BB346B200FCB3C9 /* CopyFiles */ = {
			isa = PBXCopyFilesBuildPhase;
			buildActionMask = 2147483647;
			dstPath = /usr/share/man/man1/;
			dstSubfolderSpec = 0;
			files = (
			);
			runOnlyForDeploymentPostprocessing = 1;
		};
/* End PBXCopyFilesBuildPhase section */

/* Begin PBXFileReference section */
		A80952191BDE2B0C00172996 /* GNObjectTests.c */ = {isa = PBXFileReference; fileEncoding = 4; lastKnownFileType = sourcecode.c.c; path = GNObjectTests.c; sourceTree = "<group>"; };
		A809521A1BDE2B0C00172996 /* GNObjectTests.h */ = {isa = PBXFileReference; fileEncoding = 4; lastKnownFileType = sourcecode.c.h; path = GNObjectTests.h; sourceTree = "<group>"; };
		A809521D1BDE50C400172996 /* GNString.c */ = {isa = PBXFileReference; fileEncoding = 4; lastKnownFileType = sourcecode.c.c; path = GNString.c; sourceTree = "<group>"; };
		A809521E1BDE50C400172996 /* GNString.h */ = {isa = PBXFileReference; fileEncoding = 4; lastKnownFileType = sourcecode.c.h; path = GNString.h; sourceTree = "<group>"; };
		A8156DA51BC292440075EE68 /* GNStructurePrintTests.c */ = {isa = PBXFileReference; fileEncoding = 4; lastKnownFileType = sourcecode.c.c; path = GNStructurePrintTests.c; sourceTree = "<group>"; };
		A8156DA61BC292440075EE68 /* GNStructurePrintTests.h */ = {isa = PBXFileReference; fileEncoding = 4; lastKnownFileType = sourcecode.c.h; path = GNStructurePrintTests.h; sourceTree = "<group>"; };
		A821FE1D1BDA6A3400589E61 /* GNObject.c */ = {isa = PBXFileReference; fileEncoding = 4; lastKnownFileType = sourcecode.c.c; path = GNObject.c; sourceTree = "<group>"; };
		A821FE1E1BDA6A3400589E61 /* GNObject.h */ = {isa = PBXFileReference; fileEncoding = 4; lastKnownFileType = sourcecode.c.h; path = GNObject.h; sourceTree = "<group>"; };
		A8324D8F1BC403FF001F98CC /* GNValueBitOutput.c */ = {isa = PBXFileReference; fileEncoding = 4; lastKnownFileType = sourcecode.c.c; path = GNValueBitOutput.c; sourceTree = "<group>"; };
		A8324D901BC403FF001F98CC /* GNValueBitOutput.h */ = {isa = PBXFileReference; fileEncoding = 4; lastKnownFileType = sourcecode.c.h; path = GNValueBitOutput.h; sourceTree = "<group>"; };
		A86D3FCE1BEBD39B0064315E /* GNDynamicArray.c */ = {isa = PBXFileReference; fileEncoding = 4; lastKnownFileType = sourcecode.c.c; path = GNDynamicArray.c; sourceTree = "<group>"; };
		A86D3FCF1BEBD39B0064315E /* GNDynamicArray.h */ = {isa = PBXFileReference; fileEncoding = 4; lastKnownFileType = sourcecode.c.h; path = GNDynamicArray.h; sourceTree = "<group>"; };
		A873DC1F1BD39C0C007981B2 /* GNHumanTests.c */ = {isa = PBXFileReference; fileEncoding = 4; lastKnownFileType = sourcecode.c.c; path = GNHumanTests.c; sourceTree = "<group>"; };
		A873DC201BD39C0C007981B2 /* GNHumanTests.h */ = {isa = PBXFileReference; fileEncoding = 4; lastKnownFileType = sourcecode.c.h; path = GNHumanTests.h; sourceTree = "<group>"; };
		A87863931BEB918300B560A3 /* GNMacros.h */ = {isa = PBXFileReference; lastKnownFileType = sourcecode.c.h; path = GNMacros.h; sourceTree = "<group>"; };
		A87EE5181BCD4DF3000E3CC6 /* GNHuman.c */ = {isa = PBXFileReference; fileEncoding = 4; lastKnownFileType = sourcecode.c.c; path = GNHuman.c; sourceTree = "<group>"; };
		A87EE5191BCD4DF3000E3CC6 /* GNHuman.h */ = {isa = PBXFileReference; fileEncoding = 4; lastKnownFileType = sourcecode.c.h; path = GNHuman.h; sourceTree = "<group>"; };
		A89902C41BC6AA5A002225C4 /* GNValueBitOutputTests.c */ = {isa = PBXFileReference; fileEncoding = 4; lastKnownFileType = sourcecode.c.c; path = GNValueBitOutputTests.c; sourceTree = "<group>"; };
		A89902C51BC6AA5A002225C4 /* GNValueBitOutputTests.h */ = {isa = PBXFileReference; fileEncoding = 4; lastKnownFileType = sourcecode.c.h; path = GNValueBitOutputTests.h; sourceTree = "<group>"; };
		A8A62C6C1BDE710600B39401 /* GNArray.c */ = {isa = PBXFileReference; fileEncoding = 4; lastKnownFileType = sourcecode.c.c; path = GNArray.c; sourceTree = "<group>"; };
		A8A62C6D1BDE710600B39401 /* GNArray.h */ = {isa = PBXFileReference; fileEncoding = 4; lastKnownFileType = sourcecode.c.h; path = GNArray.h; sourceTree = "<group>"; };
		A8D5ED291BBD58CF0067BF9D /* GNBasicTypeValue.h */ = {isa = PBXFileReference; fileEncoding = 4; lastKnownFileType = sourcecode.c.h; path = GNBasicTypeValue.h; sourceTree = "<group>"; };
		A8D5ED2B1BBD58CF0067BF9D /* GNParentTypeOutput.c */ = {isa = PBXFileReference; fileEncoding = 4; lastKnownFileType = sourcecode.c.c; path = GNParentTypeOutput.c; sourceTree = "<group>"; };
		A8D5ED2C1BBD58CF0067BF9D /* GNParentTypeOutput.h */ = {isa = PBXFileReference; fileEncoding = 4; lastKnownFileType = sourcecode.c.h; path = GNParentTypeOutput.h; sourceTree = "<group>"; };
		A8D5ED2E1BBD58CF0067BF9D /* GNSizeOfTypes.h */ = {isa = PBXFileReference; fileEncoding = 4; lastKnownFileType = sourcecode.c.h; path = GNSizeOfTypes.h; sourceTree = "<group>"; };
		A8D5ED2F1BBD58CF0067BF9D /* main.c */ = {isa = PBXFileReference; fileEncoding = 4; lastKnownFileType = sourcecode.c.c; path = main.c; sourceTree = "<group>"; };
		A8D5ED321BBD58CF0067BF9D /* GNBasicTypeValuePrintTest.c */ = {isa = PBXFileReference; fileEncoding = 4; lastKnownFileType = sourcecode.c.c; path = GNBasicTypeValuePrintTest.c; sourceTree = "<group>"; };
		A8D5ED331BBD58CF0067BF9D /* GNBasicTypeValuePrintTest.h */ = {isa = PBXFileReference; fileEncoding = 4; lastKnownFileType = sourcecode.c.h; path = GNBasicTypeValuePrintTest.h; sourceTree = "<group>"; };
		A8D5ED351BBD58CF0067BF9D /* GNParentTypeOutputTests.c */ = {isa = PBXFileReference; fileEncoding = 4; lastKnownFileType = sourcecode.c.c; path = GNParentTypeOutputTests.c; sourceTree = "<group>"; };
		A8D5ED361BBD58CF0067BF9D /* GNParentTypeOutputTests.h */ = {isa = PBXFileReference; fileEncoding = 4; lastKnownFileType = sourcecode.c.h; path = GNParentTypeOutputTests.h; sourceTree = "<group>"; };
		A8D5ED381BBD58CF0067BF9D /* GNSizeOfTypesPrintTest.c */ = {isa = PBXFileReference; fileEncoding = 4; lastKnownFileType = sourcecode.c.c; path = GNSizeOfTypesPrintTest.c; sourceTree = "<group>"; };
		A8D5ED391BBD58CF0067BF9D /* GNSizeOfTypesPrintTest.h */ = {isa = PBXFileReference; fileEncoding = 4; lastKnownFileType = sourcecode.c.h; path = GNSizeOfTypesPrintTest.h; sourceTree = "<group>"; };
		A8E777C41BB346B200FCB3C9 /* GNLearnC */ = {isa = PBXFileReference; explicitFileType = "compiled.mach-o.executable"; includeInIndex = 0; path = GNLearnC; sourceTree = BUILT_PRODUCTS_DIR; };
		A8F9AF841BC29C0E00686ED9 /* GNPerformStructure.h */ = {isa = PBXFileReference; lastKnownFileType = sourcecode.c.h; name = GNPerformStructure.h; path = Sources/GNPerformStructure/GNPerformStructure.h; sourceTree = SOURCE_ROOT; };
/* End PBXFileReference section */

/* Begin PBXFrameworksBuildPhase section */
		A8E777C11BB346B200FCB3C9 /* Frameworks */ = {
			isa = PBXFrameworksBuildPhase;
			buildActionMask = 2147483647;
			files = (
			);
			runOnlyForDeploymentPostprocessing = 0;
		};
/* End PBXFrameworksBuildPhase section */

/* Begin PBXGroup section */
		A80952181BDE2ABF00172996 /* GNObjectTests */ = {
			isa = PBXGroup;
			children = (
				A809521A1BDE2B0C00172996 /* GNObjectTests.h */,
				A80952191BDE2B0C00172996 /* GNObjectTests.c */,
			);
			path = GNObjectTests;
			sourceTree = "<group>";
		};
		A809521C1BDE509100172996 /* GNString */ = {
			isa = PBXGroup;
			children = (
				A809521E1BDE50C400172996 /* GNString.h */,
				A809521D1BDE50C400172996 /* GNString.c */,
			);
			path = GNString;
			sourceTree = "<group>";
		};
		A8156DA41BC2901D0075EE68 /* GNStructurePrintTests */ = {
			isa = PBXGroup;
			children = (
				A8156DA61BC292440075EE68 /* GNStructurePrintTests.h */,
				A8156DA51BC292440075EE68 /* GNStructurePrintTests.c */,
			);
			path = GNStructurePrintTests;
			sourceTree = "<group>";
		};
		A821FE1C1BDA5E0A00589E61 /* GNObject */ = {
			isa = PBXGroup;
			children = (
				A821FE1E1BDA6A3400589E61 /* GNObject.h */,
				A821FE1D1BDA6A3400589E61 /* GNObject.c */,
			);
			path = GNObject;
			sourceTree = "<group>";
		};
		A8324D8E1BC403C4001F98CC /* GNValueBitOutput */ = {
			isa = PBXGroup;
			children = (
				A8324D901BC403FF001F98CC /* GNValueBitOutput.h */,
				A8324D8F1BC403FF001F98CC /* GNValueBitOutput.c */,
			);
			path = GNValueBitOutput;
			sourceTree = "<group>";
		};
		A86D3FCD1BEBD34F0064315E /* GNDynamicArray */ = {
			isa = PBXGroup;
			children = (
				A86D3FCF1BEBD39B0064315E /* GNDynamicArray.h */,
				A86D3FCE1BEBD39B0064315E /* GNDynamicArray.c */,
			);
			path = GNDynamicArray;
			sourceTree = "<group>";
		};
		A873DC1E1BD39BD3007981B2 /* GNHumanTests */ = {
			isa = PBXGroup;
			children = (
				A873DC201BD39C0C007981B2 /* GNHumanTests.h */,
				A873DC1F1BD39C0C007981B2 /* GNHumanTests.c */,
			);
			path = GNHumanTests;
			sourceTree = "<group>";
		};
		A87863921BEB914600B560A3 /* GNMacros */ = {
			isa = PBXGroup;
			children = (
				A87863931BEB918300B560A3 /* GNMacros.h */,
			);
			path = GNMacros;
			sourceTree = "<group>";
		};
		A87EE5171BCD4DBB000E3CC6 /* GNHuman */ = {
			isa = PBXGroup;
			children = (
				A87EE5191BCD4DF3000E3CC6 /* GNHuman.h */,
				A87EE5181BCD4DF3000E3CC6 /* GNHuman.c */,
			);
			path = GNHuman;
			sourceTree = "<group>";
		};
		A89902C31BC6AA22002225C4 /* GNValueBitOutputTests */ = {
			isa = PBXGroup;
			children = (
				A89902C51BC6AA5A002225C4 /* GNValueBitOutputTests.h */,
				A89902C41BC6AA5A002225C4 /* GNValueBitOutputTests.c */,
			);
			path = GNValueBitOutputTests;
			sourceTree = "<group>";
		};
		A8A62C6B1BDE70DF00B39401 /* GNArray */ = {
			isa = PBXGroup;
			children = (
				A8A62C6D1BDE710600B39401 /* GNArray.h */,
				A8A62C6C1BDE710600B39401 /* GNArray.c */,
			);
			path = GNArray;
			sourceTree = "<group>";
		};
		A8BF9C281BC1402B0059571B /* GNPerformStructure */ = {
			isa = PBXGroup;
			children = (
				A8F9AF841BC29C0E00686ED9 /* GNPerformStructure.h */,
			);
			path = GNPerformStructure;
			sourceTree = "<group>";
		};
		A8D5ED271BBD58CF0067BF9D /* Sources */ = {
			isa = PBXGroup;
			children = (
				A87863921BEB914600B560A3 /* GNMacros */,
				A86D3FCD1BEBD34F0064315E /* GNDynamicArray */,
				A8A62C6B1BDE70DF00B39401 /* GNArray */,
				A809521C1BDE509100172996 /* GNString */,
				A821FE1C1BDA5E0A00589E61 /* GNObject */,
				A87EE5171BCD4DBB000E3CC6 /* GNHuman */,
				A8BF9C281BC1402B0059571B /* GNPerformStructure */,
				A8324D8E1BC403C4001F98CC /* GNValueBitOutput */,
				A8D5ED2A1BBD58CF0067BF9D /* GNParentTypeOutput */,
				A8D5ED2D1BBD58CF0067BF9D /* GNSizeOfTypes */,
				A8D5ED281BBD58CF0067BF9D /* GNBasicTypeValue */,
				A8D5ED2F1BBD58CF0067BF9D /* main.c */,
			);
			path = Sources;
			sourceTree = "<group>";
		};
		A8D5ED281BBD58CF0067BF9D /* GNBasicTypeValue */ = {
			isa = PBXGroup;
			children = (
				A8D5ED291BBD58CF0067BF9D /* GNBasicTypeValue.h */,
			);
			path = GNBasicTypeValue;
			sourceTree = "<group>";
		};
		A8D5ED2A1BBD58CF0067BF9D /* GNParentTypeOutput */ = {
			isa = PBXGroup;
			children = (
				A8D5ED2C1BBD58CF0067BF9D /* GNParentTypeOutput.h */,
				A8D5ED2B1BBD58CF0067BF9D /* GNParentTypeOutput.c */,
			);
			path = GNParentTypeOutput;
			sourceTree = "<group>";
		};
		A8D5ED2D1BBD58CF0067BF9D /* GNSizeOfTypes */ = {
			isa = PBXGroup;
			children = (
				A8D5ED2E1BBD58CF0067BF9D /* GNSizeOfTypes.h */,
			);
			path = GNSizeOfTypes;
			sourceTree = "<group>";
		};
		A8D5ED301BBD58CF0067BF9D /* Tests */ = {
			isa = PBXGroup;
			children = (
				A80952181BDE2ABF00172996 /* GNObjectTests */,
				A873DC1E1BD39BD3007981B2 /* GNHumanTests */,
				A89902C31BC6AA22002225C4 /* GNValueBitOutputTests */,
				A8D5ED371BBD58CF0067BF9D /* GNSizeOfTypesPrintTest */,
				A8D5ED341BBD58CF0067BF9D /* GNParentTypeOutputTests */,
				A8D5ED311BBD58CF0067BF9D /* GNBasicTypeValuePrintTest */,
				A8156DA41BC2901D0075EE68 /* GNStructurePrintTests */,
			);
			path = Tests;
			sourceTree = "<group>";
		};
		A8D5ED311BBD58CF0067BF9D /* GNBasicTypeValuePrintTest */ = {
			isa = PBXGroup;
			children = (
				A8D5ED331BBD58CF0067BF9D /* GNBasicTypeValuePrintTest.h */,
				A8D5ED321BBD58CF0067BF9D /* GNBasicTypeValuePrintTest.c */,
			);
			path = GNBasicTypeValuePrintTest;
			sourceTree = "<group>";
		};
		A8D5ED341BBD58CF0067BF9D /* GNParentTypeOutputTests */ = {
			isa = PBXGroup;
			children = (
				A8D5ED361BBD58CF0067BF9D /* GNParentTypeOutputTests.h */,
				A8D5ED351BBD58CF0067BF9D /* GNParentTypeOutputTests.c */,
			);
			path = GNParentTypeOutputTests;
			sourceTree = "<group>";
		};
		A8D5ED371BBD58CF0067BF9D /* GNSizeOfTypesPrintTest */ = {
			isa = PBXGroup;
			children = (
				A8D5ED391BBD58CF0067BF9D /* GNSizeOfTypesPrintTest.h */,
				A8D5ED381BBD58CF0067BF9D /* GNSizeOfTypesPrintTest.c */,
			);
			path = GNSizeOfTypesPrintTest;
			sourceTree = "<group>";
		};
		A8E777BB1BB346B200FCB3C9 = {
			isa = PBXGroup;
			children = (
				A8D5ED271BBD58CF0067BF9D /* Sources */,
				A8D5ED301BBD58CF0067BF9D /* Tests */,
				A8E777C51BB346B200FCB3C9 /* Products */,
			);
			sourceTree = "<group>";
		};
		A8E777C51BB346B200FCB3C9 /* Products */ = {
			isa = PBXGroup;
			children = (
				A8E777C41BB346B200FCB3C9 /* GNLearnC */,
			);
			name = Products;
			sourceTree = "<group>";
		};
/* End PBXGroup section */

/* Begin PBXNativeTarget section */
		A8E777C31BB346B200FCB3C9 /* GNLearnC */ = {
			isa = PBXNativeTarget;
			buildConfigurationList = A8E777CB1BB346B200FCB3C9 /* Build configuration list for PBXNativeTarget "GNLearnC" */;
			buildPhases = (
				A8E777C01BB346B200FCB3C9 /* Sources */,
				A8E777C11BB346B200FCB3C9 /* Frameworks */,
				A8E777C21BB346B200FCB3C9 /* CopyFiles */,
			);
			buildRules = (
			);
			dependencies = (
			);
			name = GNLearnC;
			productName = GNLearnC;
			productReference = A8E777C41BB346B200FCB3C9 /* GNLearnC */;
			productType = "com.apple.product-type.tool";
		};
/* End PBXNativeTarget section */

/* Begin PBXProject section */
		A8E777BC1BB346B200FCB3C9 /* Project object */ = {
			isa = PBXProject;
			attributes = {
				LastUpgradeCheck = 0700;
				ORGANIZATIONNAME = "IDAP College";
				TargetAttributes = {
					A8E777C31BB346B200FCB3C9 = {
						CreatedOnToolsVersion = 6.2;
					};
				};
			};
			buildConfigurationList = A8E777BF1BB346B200FCB3C9 /* Build configuration list for PBXProject "GNLearnC" */;
			compatibilityVersion = "Xcode 3.2";
			developmentRegion = English;
			hasScannedForEncodings = 0;
			knownRegions = (
				en,
			);
			mainGroup = A8E777BB1BB346B200FCB3C9;
			productRefGroup = A8E777C51BB346B200FCB3C9 /* Products */;
			projectDirPath = "";
			projectRoot = "";
			targets = (
				A8E777C31BB346B200FCB3C9 /* GNLearnC */,
			);
		};
/* End PBXProject section */

/* Begin PBXSourcesBuildPhase section */
		A8E777C01BB346B200FCB3C9 /* Sources */ = {
			isa = PBXSourcesBuildPhase;
			buildActionMask = 2147483647;
			files = (
				A8D5ED3C1BBD58CF0067BF9D /* GNBasicTypeValuePrintTest.c in Sources */,
				A8324D911BC403FF001F98CC /* GNValueBitOutput.c in Sources */,
				A86D3FD01BEBD39B0064315E /* GNDynamicArray.c in Sources */,
				A8D5ED3B1BBD58CF0067BF9D /* main.c in Sources */,
				A8D5ED3E1BBD58CF0067BF9D /* GNSizeOfTypesPrintTest.c in Sources */,
				A873DC211BD39C0C007981B2 /* GNHumanTests.c in Sources */,
				A809521F1BDE50C400172996 /* GNString.c in Sources */,
				A8D5ED3A1BBD58CF0067BF9D /* GNParentTypeOutput.c in Sources */,
				A89902C61BC6AA5A002225C4 /* GNValueBitOutputTests.c in Sources */,
				A809521B1BDE2B0C00172996 /* GNObjectTests.c in Sources */,
				A8156DA71BC292440075EE68 /* GNStructurePrintTests.c in Sources */,
				A821FE1F1BDA6A3400589E61 /* GNObject.c in Sources */,
				A87EE51A1BCD4DF3000E3CC6 /* GNHuman.c in Sources */,
				A8A62C6E1BDE710600B39401 /* GNArray.c in Sources */,
				A8D5ED3D1BBD58CF0067BF9D /* GNParentTypeOutputTests.c in Sources */,
			);
			runOnlyForDeploymentPostprocessing = 0;
		};
/* End PBXSourcesBuildPhase section */

/* Begin XCBuildConfiguration section */
		A8E777C91BB346B200FCB3C9 /* Debug */ = {
			isa = XCBuildConfiguration;
			buildSettings = {
				ALWAYS_SEARCH_USER_PATHS = NO;
				CLANG_CXX_LANGUAGE_STANDARD = "gnu++0x";
				CLANG_CXX_LIBRARY = "libc++";
				CLANG_ENABLE_MODULES = YES;
				CLANG_ENABLE_OBJC_ARC = YES;
				CLANG_WARN_BOOL_CONVERSION = YES;
				CLANG_WARN_CONSTANT_CONVERSION = YES;
				CLANG_WARN_DIRECT_OBJC_ISA_USAGE = YES_ERROR;
				CLANG_WARN_EMPTY_BODY = YES;
				CLANG_WARN_ENUM_CONVERSION = YES;
				CLANG_WARN_INT_CONVERSION = YES;
				CLANG_WARN_OBJC_ROOT_CLASS = YES_ERROR;
				CLANG_WARN_UNREACHABLE_CODE = YES;
				CLANG_WARN__DUPLICATE_METHOD_MATCH = YES;
				COPY_PHASE_STRIP = NO;
				ENABLE_STRICT_OBJC_MSGSEND = YES;
				ENABLE_TESTABILITY = YES;
				GCC_C_LANGUAGE_STANDARD = gnu99;
				GCC_DYNAMIC_NO_PIC = NO;
				GCC_OPTIMIZATION_LEVEL = 0;
				GCC_PREPROCESSOR_DEFINITIONS = (
					"DEBUG=1",
					"$(inherited)",
				);
				GCC_SYMBOLS_PRIVATE_EXTERN = NO;
				GCC_WARN_64_TO_32_BIT_CONVERSION = YES;
				GCC_WARN_ABOUT_RETURN_TYPE = YES_ERROR;
				GCC_WARN_UNDECLARED_SELECTOR = YES;
				GCC_WARN_UNINITIALIZED_AUTOS = YES_AGGRESSIVE;
				GCC_WARN_UNUSED_FUNCTION = YES;
				GCC_WARN_UNUSED_VARIABLE = YES;
				MACOSX_DEPLOYMENT_TARGET = 10.9;
				MTL_ENABLE_DEBUG_INFO = YES;
				ONLY_ACTIVE_ARCH = YES;
				SDKROOT = macosx;
			};
			name = Debug;
		};
		A8E777CA1BB346B200FCB3C9 /* Release */ = {
			isa = XCBuildConfiguration;
			buildSettings = {
				ALWAYS_SEARCH_USER_PATHS = NO;
				CLANG_CXX_LANGUAGE_STANDARD = "gnu++0x";
				CLANG_CXX_LIBRARY = "libc++";
				CLANG_ENABLE_MODULES = YES;
				CLANG_ENABLE_OBJC_ARC = YES;
				CLANG_WARN_BOOL_CONVERSION = YES;
				CLANG_WARN_CONSTANT_CONVERSION = YES;
				CLANG_WARN_DIRECT_OBJC_ISA_USAGE = YES_ERROR;
				CLANG_WARN_EMPTY_BODY = YES;
				CLANG_WARN_ENUM_CONVERSION = YES;
				CLANG_WARN_INT_CONVERSION = YES;
				CLANG_WARN_OBJC_ROOT_CLASS = YES_ERROR;
				CLANG_WARN_UNREACHABLE_CODE = YES;
				CLANG_WARN__DUPLICATE_METHOD_MATCH = YES;
				COPY_PHASE_STRIP = NO;
				DEBUG_INFORMATION_FORMAT = "dwarf-with-dsym";
				ENABLE_NS_ASSERTIONS = NO;
				ENABLE_STRICT_OBJC_MSGSEND = YES;
				GCC_C_LANGUAGE_STANDARD = gnu99;
				GCC_WARN_64_TO_32_BIT_CONVERSION = YES;
				GCC_WARN_ABOUT_RETURN_TYPE = YES_ERROR;
				GCC_WARN_UNDECLARED_SELECTOR = YES;
				GCC_WARN_UNINITIALIZED_AUTOS = YES_AGGRESSIVE;
				GCC_WARN_UNUSED_FUNCTION = YES;
				GCC_WARN_UNUSED_VARIABLE = YES;
				MACOSX_DEPLOYMENT_TARGET = 10.9;
				MTL_ENABLE_DEBUG_INFO = NO;
				SDKROOT = macosx;
			};
			name = Release;
		};
		A8E777CC1BB346B200FCB3C9 /* Debug */ = {
			isa = XCBuildConfiguration;
			buildSettings = {
				PRODUCT_NAME = "$(TARGET_NAME)";
			};
			name = Debug;
		};
		A8E777CD1BB346B200FCB3C9 /* Release */ = {
			isa = XCBuildConfiguration;
			buildSettings = {
				PRODUCT_NAME = "$(TARGET_NAME)";
			};
			name = Release;
		};
/* End XCBuildConfiguration section */

/* Begin XCConfigurationList section */
		A8E777BF1BB346B200FCB3C9 /* Build configuration list for PBXProject "GNLearnC" */ = {
			isa = XCConfigurationList;
			buildConfigurations = (
				A8E777C91BB346B200FCB3C9 /* Debug */,
				A8E777CA1BB346B200FCB3C9 /* Release */,
			);
			defaultConfigurationIsVisible = 0;
			defaultConfigurationName = Release;
		};
		A8E777CB1BB346B200FCB3C9 /* Build configuration list for PBXNativeTarget "GNLearnC" */ = {
			isa = XCConfigurationList;
			buildConfigurations = (
				A8E777CC1BB346B200FCB3C9 /* Debug */,
				A8E777CD1BB346B200FCB3C9 /* Release */,
			);
			defaultConfigurationIsVisible = 0;
			defaultConfigurationName = Release;
		};
/* End XCConfigurationList section */
	};
	rootObject = A8E777BC1BB346B200FCB3C9 /* Project object */;
}
