// !$*UTF8*$!
{
	archiveVersion = 1;
	classes = {
	};
	objectVersion = 46;
	objects = {

/* Begin PBXBuildFile section */
		A8D5ED3A1BBD58CF0067BF9D /* GNParentTypeOutput.c in Sources */ = {isa = PBXBuildFile; fileRef = A8D5ED2B1BBD58CF0067BF9D /* GNParentTypeOutput.c */; settings = {ASSET_TAGS = (); }; };
		A8D5ED3B1BBD58CF0067BF9D /* main.c in Sources */ = {isa = PBXBuildFile; fileRef = A8D5ED2F1BBD58CF0067BF9D /* main.c */; settings = {ASSET_TAGS = (); }; };
		A8D5ED3C1BBD58CF0067BF9D /* GNBasicTypeValuePrintTest.c in Sources */ = {isa = PBXBuildFile; fileRef = A8D5ED321BBD58CF0067BF9D /* GNBasicTypeValuePrintTest.c */; settings = {ASSET_TAGS = (); }; };
		A8D5ED3D1BBD58CF0067BF9D /* GNParentTypeOutputTests.c in Sources */ = {isa = PBXBuildFile; fileRef = A8D5ED351BBD58CF0067BF9D /* GNParentTypeOutputTests.c */; settings = {ASSET_TAGS = (); }; };
		A8D5ED3E1BBD58CF0067BF9D /* GNSizeOfTypesPrintTest.c in Sources */ = {isa = PBXBuildFile; fileRef = A8D5ED381BBD58CF0067BF9D /* GNSizeOfTypesPrintTest.c */; settings = {ASSET_TAGS = (); }; };
/* End PBXBuildFile section */

/* Begin PBXCopyFilesBuildPhase section */
		A8E777C21BB346B200FCB3C9 /* CopyFiles */ = {
			isa = PBXCopyFilesBuildPhase;
			buildActionMask = 2147483647;
			dstPath = /usr/share/man/man1/;
			dstSubfolderSpec = 0;
			files = (
			);
			runOnlyForDeploymentPostprocessing = 1;
		};
/* End PBXCopyFilesBuildPhase section */

/* Begin PBXFileReference section */
		A8D5ED291BBD58CF0067BF9D /* GNBasicTypeValue.h */ = {isa = PBXFileReference; fileEncoding = 4; lastKnownFileType = sourcecode.c.h; path = GNBasicTypeValue.h; sourceTree = "<group>"; };
		A8D5ED2B1BBD58CF0067BF9D /* GNParentTypeOutput.c */ = {isa = PBXFileReference; fileEncoding = 4; lastKnownFileType = sourcecode.c.c; path = GNParentTypeOutput.c; sourceTree = "<group>"; };
		A8D5ED2C1BBD58CF0067BF9D /* GNParentTypeOutput.h */ = {isa = PBXFileReference; fileEncoding = 4; lastKnownFileType = sourcecode.c.h; path = GNParentTypeOutput.h; sourceTree = "<group>"; };
		A8D5ED2E1BBD58CF0067BF9D /* GNSizeOfTypes.h */ = {isa = PBXFileReference; fileEncoding = 4; lastKnownFileType = sourcecode.c.h; path = GNSizeOfTypes.h; sourceTree = "<group>"; };
		A8D5ED2F1BBD58CF0067BF9D /* main.c */ = {isa = PBXFileReference; fileEncoding = 4; lastKnownFileType = sourcecode.c.c; path = main.c; sourceTree = "<group>"; };
		A8D5ED321BBD58CF0067BF9D /* GNBasicTypeValuePrintTest.c */ = {isa = PBXFileReference; fileEncoding = 4; lastKnownFileType = sourcecode.c.c; path = GNBasicTypeValuePrintTest.c; sourceTree = "<group>"; };
		A8D5ED331BBD58CF0067BF9D /* GNBasicTypeValuePrintTest.h */ = {isa = PBXFileReference; fileEncoding = 4; lastKnownFileType = sourcecode.c.h; path = GNBasicTypeValuePrintTest.h; sourceTree = "<group>"; };
		A8D5ED351BBD58CF0067BF9D /* GNParentTypeOutputTests.c */ = {isa = PBXFileReference; fileEncoding = 4; lastKnownFileType = sourcecode.c.c; path = GNParentTypeOutputTests.c; sourceTree = "<group>"; };
		A8D5ED361BBD58CF0067BF9D /* GNParentTypeOutputTests.h */ = {isa = PBXFileReference; fileEncoding = 4; lastKnownFileType = sourcecode.c.h; path = GNParentTypeOutputTests.h; sourceTree = "<group>"; };
		A8D5ED381BBD58CF0067BF9D /* GNSizeOfTypesPrintTest.c */ = {isa = PBXFileReference; fileEncoding = 4; lastKnownFileType = sourcecode.c.c; path = GNSizeOfTypesPrintTest.c; sourceTree = "<group>"; };
		A8D5ED391BBD58CF0067BF9D /* GNSizeOfTypesPrintTest.h */ = {isa = PBXFileReference; fileEncoding = 4; lastKnownFileType = sourcecode.c.h; path = GNSizeOfTypesPrintTest.h; sourceTree = "<group>"; };
		A8E777C41BB346B200FCB3C9 /* GNLearnC */ = {isa = PBXFileReference; explicitFileType = "compiled.mach-o.executable"; includeInIndex = 0; path = GNLearnC; sourceTree = BUILT_PRODUCTS_DIR; };
/* End PBXFileReference section */

/* Begin PBXFrameworksBuildPhase section */
		A8E777C11BB346B200FCB3C9 /* Frameworks */ = {
			isa = PBXFrameworksBuildPhase;
			buildActionMask = 2147483647;
			files = (
			);
			runOnlyForDeploymentPostprocessing = 0;
		};
/* End PBXFrameworksBuildPhase section */

/* Begin PBXGroup section */
		A8D5ED271BBD58CF0067BF9D /* Sources */ = {
			isa = PBXGroup;
			children = (
				A8D5ED2D1BBD58CF0067BF9D /* GNSizeOfTypes */,
				A8D5ED2A1BBD58CF0067BF9D /* GNParentTypeOutput */,
				A8D5ED281BBD58CF0067BF9D /* GNBasicTypeValue */,
				A8D5ED2F1BBD58CF0067BF9D /* main.c */,
			);
			path = Sources;
			sourceTree = "<group>";
		};
		A8D5ED281BBD58CF0067BF9D /* GNBasicTypeValue */ = {
			isa = PBXGroup;
			children = (
				A8D5ED291BBD58CF0067BF9D /* GNBasicTypeValue.h */,
			);
			path = GNBasicTypeValue;
			sourceTree = "<group>";
		};
		A8D5ED2A1BBD58CF0067BF9D /* GNParentTypeOutput */ = {
			isa = PBXGroup;
			children = (
				A8D5ED2C1BBD58CF0067BF9D /* GNParentTypeOutput.h */,
				A8D5ED2B1BBD58CF0067BF9D /* GNParentTypeOutput.c */,
			);
			path = GNParentTypeOutput;
			sourceTree = "<group>";
		};
		A8D5ED2D1BBD58CF0067BF9D /* GNSizeOfTypes */ = {
			isa = PBXGroup;
			children = (
				A8D5ED2E1BBD58CF0067BF9D /* GNSizeOfTypes.h */,
			);
			path = GNSizeOfTypes;
			sourceTree = "<group>";
		};
		A8D5ED301BBD58CF0067BF9D /* Tests */ = {
			isa = PBXGroup;
			children = (
				A8D5ED371BBD58CF0067BF9D /* GNSizeOfTypesPrintTest */,
				A8D5ED341BBD58CF0067BF9D /* GNParentTypeOutputTests */,
				A8D5ED311BBD58CF0067BF9D /* GNBasicTypeValuePrintTest */,
			);
			path = Tests;
			sourceTree = "<group>";
		};
		A8D5ED311BBD58CF0067BF9D /* GNBasicTypeValuePrintTest */ = {
			isa = PBXGroup;
			children = (
				A8D5ED331BBD58CF0067BF9D /* GNBasicTypeValuePrintTest.h */,
				A8D5ED321BBD58CF0067BF9D /* GNBasicTypeValuePrintTest.c */,
			);
			path = GNBasicTypeValuePrintTest;
			sourceTree = "<group>";
		};
		A8D5ED341BBD58CF0067BF9D /* GNParentTypeOutputTests */ = {
			isa = PBXGroup;
			children = (
				A8D5ED361BBD58CF0067BF9D /* GNParentTypeOutputTests.h */,
				A8D5ED351BBD58CF0067BF9D /* GNParentTypeOutputTests.c */,
			);
			path = GNParentTypeOutputTests;
			sourceTree = "<group>";
		};
		A8D5ED371BBD58CF0067BF9D /* GNSizeOfTypesPrintTest */ = {
			isa = PBXGroup;
			children = (
				A8D5ED391BBD58CF0067BF9D /* GNSizeOfTypesPrintTest.h */,
				A8D5ED381BBD58CF0067BF9D /* GNSizeOfTypesPrintTest.c */,
			);
			path = GNSizeOfTypesPrintTest;
			sourceTree = "<group>";
		};
		A8E777BB1BB346B200FCB3C9 = {
			isa = PBXGroup;
			children = (
				A8E777C51BB346B200FCB3C9 /* Products */,
				A8D5ED271BBD58CF0067BF9D /* Sources */,
				A8D5ED301BBD58CF0067BF9D /* Tests */,
			);
			sourceTree = "<group>";
		};
		A8E777C51BB346B200FCB3C9 /* Products */ = {
			isa = PBXGroup;
			children = (
				A8E777C41BB346B200FCB3C9 /* GNLearnC */,
			);
			name = Products;
			sourceTree = "<group>";
		};
/* End PBXGroup section */

/* Begin PBXNativeTarget section */
		A8E777C31BB346B200FCB3C9 /* GNLearnC */ = {
			isa = PBXNativeTarget;
			buildConfigurationList = A8E777CB1BB346B200FCB3C9 /* Build configuration list for PBXNativeTarget "GNLearnC" */;
			buildPhases = (
				A8E777C01BB346B200FCB3C9 /* Sources */,
				A8E777C11BB346B200FCB3C9 /* Frameworks */,
				A8E777C21BB346B200FCB3C9 /* CopyFiles */,
			);
			buildRules = (
			);
			dependencies = (
			);
			name = GNLearnC;
			productName = GNLearnC;
			productReference = A8E777C41BB346B200FCB3C9 /* GNLearnC */;
			productType = "com.apple.product-type.tool";
		};
/* End PBXNativeTarget section */

/* Begin PBXProject section */
		A8E777BC1BB346B200FCB3C9 /* Project object */ = {
			isa = PBXProject;
			attributes = {
				LastUpgradeCheck = 0700;
				ORGANIZATIONNAME = "IDAP College";
				TargetAttributes = {
					A8E777C31BB346B200FCB3C9 = {
						CreatedOnToolsVersion = 6.2;
					};
				};
			};
			buildConfigurationList = A8E777BF1BB346B200FCB3C9 /* Build configuration list for PBXProject "GNLearnC" */;
			compatibilityVersion = "Xcode 3.2";
			developmentRegion = English;
			hasScannedForEncodings = 0;
			knownRegions = (
				en,
			);
			mainGroup = A8E777BB1BB346B200FCB3C9;
			productRefGroup = A8E777C51BB346B200FCB3C9 /* Products */;
			projectDirPath = "";
			projectRoot = "";
			targets = (
				A8E777C31BB346B200FCB3C9 /* GNLearnC */,
			);
		};
/* End PBXProject section */

/* Begin PBXSourcesBuildPhase section */
		A8E777C01BB346B200FCB3C9 /* Sources */ = {
			isa = PBXSourcesBuildPhase;
			buildActionMask = 2147483647;
			files = (
				A8D5ED3C1BBD58CF0067BF9D /* GNBasicTypeValuePrintTest.c in Sources */,
				A8D5ED3B1BBD58CF0067BF9D /* main.c in Sources */,
				A8D5ED3E1BBD58CF0067BF9D /* GNSizeOfTypesPrintTest.c in Sources */,
				A8D5ED3A1BBD58CF0067BF9D /* GNParentTypeOutput.c in Sources */,
				A8D5ED3D1BBD58CF0067BF9D /* GNParentTypeOutputTests.c in Sources */,
			);
			runOnlyForDeploymentPostprocessing = 0;
		};
/* End PBXSourcesBuildPhase section */

/* Begin XCBuildConfiguration section */
		A8E777C91BB346B200FCB3C9 /* Debug */ = {
			isa = XCBuildConfiguration;
			buildSettings = {
				ALWAYS_SEARCH_USER_PATHS = NO;
				CLANG_CXX_LANGUAGE_STANDARD = "gnu++0x";
				CLANG_CXX_LIBRARY = "libc++";
				CLANG_ENABLE_MODULES = YES;
				CLANG_ENABLE_OBJC_ARC = YES;
				CLANG_WARN_BOOL_CONVERSION = YES;
				CLANG_WARN_CONSTANT_CONVERSION = YES;
				CLANG_WARN_DIRECT_OBJC_ISA_USAGE = YES_ERROR;
				CLANG_WARN_EMPTY_BODY = YES;
				CLANG_WARN_ENUM_CONVERSION = YES;
				CLANG_WARN_INT_CONVERSION = YES;
				CLANG_WARN_OBJC_ROOT_CLASS = YES_ERROR;
				CLANG_WARN_UNREACHABLE_CODE = YES;
				CLANG_WARN__DUPLICATE_METHOD_MATCH = YES;
				COPY_PHASE_STRIP = NO;
				ENABLE_STRICT_OBJC_MSGSEND = YES;
				ENABLE_TESTABILITY = YES;
				GCC_C_LANGUAGE_STANDARD = gnu99;
				GCC_DYNAMIC_NO_PIC = NO;
				GCC_OPTIMIZATION_LEVEL = 0;
				GCC_PREPROCESSOR_DEFINITIONS = (
					"DEBUG=1",
					"$(inherited)",
				);
				GCC_SYMBOLS_PRIVATE_EXTERN = NO;
				GCC_WARN_64_TO_32_BIT_CONVERSION = YES;
				GCC_WARN_ABOUT_RETURN_TYPE = YES_ERROR;
				GCC_WARN_UNDECLARED_SELECTOR = YES;
				GCC_WARN_UNINITIALIZED_AUTOS = YES_AGGRESSIVE;
				GCC_WARN_UNUSED_FUNCTION = YES;
				GCC_WARN_UNUSED_VARIABLE = YES;
				MACOSX_DEPLOYMENT_TARGET = 10.9;
				MTL_ENABLE_DEBUG_INFO = YES;
				ONLY_ACTIVE_ARCH = YES;
				SDKROOT = macosx;
			};
			name = Debug;
		};
		A8E777CA1BB346B200FCB3C9 /* Release */ = {
			isa = XCBuildConfiguration;
			buildSettings = {
				ALWAYS_SEARCH_USER_PATHS = NO;
				CLANG_CXX_LANGUAGE_STANDARD = "gnu++0x";
				CLANG_CXX_LIBRARY = "libc++";
				CLANG_ENABLE_MODULES = YES;
				CLANG_ENABLE_OBJC_ARC = YES;
				CLANG_WARN_BOOL_CONVERSION = YES;
				CLANG_WARN_CONSTANT_CONVERSION = YES;
				CLANG_WARN_DIRECT_OBJC_ISA_USAGE = YES_ERROR;
				CLANG_WARN_EMPTY_BODY = YES;
				CLANG_WARN_ENUM_CONVERSION = YES;
				CLANG_WARN_INT_CONVERSION = YES;
				CLANG_WARN_OBJC_ROOT_CLASS = YES_ERROR;
				CLANG_WARN_UNREACHABLE_CODE = YES;
				CLANG_WARN__DUPLICATE_METHOD_MATCH = YES;
				COPY_PHASE_STRIP = NO;
				DEBUG_INFORMATION_FORMAT = "dwarf-with-dsym";
				ENABLE_NS_ASSERTIONS = NO;
				ENABLE_STRICT_OBJC_MSGSEND = YES;
				GCC_C_LANGUAGE_STANDARD = gnu99;
				GCC_WARN_64_TO_32_BIT_CONVERSION = YES;
				GCC_WARN_ABOUT_RETURN_TYPE = YES_ERROR;
				GCC_WARN_UNDECLARED_SELECTOR = YES;
				GCC_WARN_UNINITIALIZED_AUTOS = YES_AGGRESSIVE;
				GCC_WARN_UNUSED_FUNCTION = YES;
				GCC_WARN_UNUSED_VARIABLE = YES;
				MACOSX_DEPLOYMENT_TARGET = 10.9;
				MTL_ENABLE_DEBUG_INFO = NO;
				SDKROOT = macosx;
			};
			name = Release;
		};
		A8E777CC1BB346B200FCB3C9 /* Debug */ = {
			isa = XCBuildConfiguration;
			buildSettings = {
				PRODUCT_NAME = "$(TARGET_NAME)";
			};
			name = Debug;
		};
		A8E777CD1BB346B200FCB3C9 /* Release */ = {
			isa = XCBuildConfiguration;
			buildSettings = {
				PRODUCT_NAME = "$(TARGET_NAME)";
			};
			name = Release;
		};
/* End XCBuildConfiguration section */

/* Begin XCConfigurationList section */
		A8E777BF1BB346B200FCB3C9 /* Build configuration list for PBXProject "GNLearnC" */ = {
			isa = XCConfigurationList;
			buildConfigurations = (
				A8E777C91BB346B200FCB3C9 /* Debug */,
				A8E777CA1BB346B200FCB3C9 /* Release */,
			);
			defaultConfigurationIsVisible = 0;
			defaultConfigurationName = Release;
		};
		A8E777CB1BB346B200FCB3C9 /* Build configuration list for PBXNativeTarget "GNLearnC" */ = {
			isa = XCConfigurationList;
			buildConfigurations = (
				A8E777CC1BB346B200FCB3C9 /* Debug */,
				A8E777CD1BB346B200FCB3C9 /* Release */,
			);
			defaultConfigurationIsVisible = 0;
			defaultConfigurationName = Release;
		};
/* End XCConfigurationList section */
	};
	rootObject = A8E777BC1BB346B200FCB3C9 /* Project object */;
}
