// !$*UTF8*$!
{
	archiveVersion = 1;
	classes = {
	};
	objectVersion = 46;
	objects = {

/* Begin PBXBuildFile section */
		A80CBACE1C6773AA003CE7D7 /* main.m in Sources */ = {isa = PBXBuildFile; fileRef = A80CBACC1C6773AA003CE7D7 /* main.m */; };
		A80CBADD1C6773BD003CE7D7 /* GNAppDelegate.m in Sources */ = {isa = PBXBuildFile; fileRef = A80CBADA1C6773BD003CE7D7 /* GNAppDelegate.m */; };
		A80CBADE1C6773BD003CE7D7 /* GNSquareViewController.m in Sources */ = {isa = PBXBuildFile; fileRef = A80CBADC1C6773BD003CE7D7 /* GNSquareViewController.m */; };
		A80CBAF41C67BA68003CE7D7 /* UIWindow+GNExtensions.m in Sources */ = {isa = PBXBuildFile; fileRef = A80CBAF31C67BA68003CE7D7 /* UIWindow+GNExtensions.m */; };
		A80CBAFE1C67D015003CE7D7 /* Assets.xcassets in Resources */ = {isa = PBXBuildFile; fileRef = A80CBAF91C67D015003CE7D7 /* Assets.xcassets */; };
		A80CBAFF1C67D015003CE7D7 /* LaunchScreen.storyboard in Resources */ = {isa = PBXBuildFile; fileRef = A80CBAFA1C67D015003CE7D7 /* LaunchScreen.storyboard */; };
		A80CBB051C67D2D4003CE7D7 /* GNSquareView.m in Sources */ = {isa = PBXBuildFile; fileRef = A80CBB031C67D2D4003CE7D7 /* GNSquareView.m */; };
		A80CBB061C67D2D4003CE7D7 /* GNSquareView.xib in Resources */ = {isa = PBXBuildFile; fileRef = A80CBB041C67D2D4003CE7D7 /* GNSquareView.xib */; };
		A80CBB0A1C68E1FB003CE7D7 /* CGGeometry+GNExtensions.m in Sources */ = {isa = PBXBuildFile; fileRef = A80CBB091C68E1FB003CE7D7 /* CGGeometry+GNExtensions.m */; };
		A84CAD541C6A125F00E8BC92 /* UI study plan.rtf in Resources */ = {isa = PBXBuildFile; fileRef = A84CAD531C6A125F00E8BC92 /* UI study plan.rtf */; };
/* End PBXBuildFile section */

/* Begin PBXFileReference section */
		A80CBAB01C67735C003CE7D7 /* GNLearnUI.app */ = {isa = PBXFileReference; explicitFileType = wrapper.application; includeInIndex = 0; path = GNLearnUI.app; sourceTree = BUILT_PRODUCTS_DIR; };
		A80CBACB1C6773AA003CE7D7 /* Info.plist */ = {isa = PBXFileReference; fileEncoding = 4; lastKnownFileType = text.plist.xml; path = Info.plist; sourceTree = "<group>"; };
		A80CBACC1C6773AA003CE7D7 /* main.m */ = {isa = PBXFileReference; fileEncoding = 4; lastKnownFileType = sourcecode.c.objc; path = main.m; sourceTree = "<group>"; };
		A80CBAD91C6773BD003CE7D7 /* GNAppDelegate.h */ = {isa = PBXFileReference; fileEncoding = 4; lastKnownFileType = sourcecode.c.h; path = GNAppDelegate.h; sourceTree = "<group>"; };
		A80CBADA1C6773BD003CE7D7 /* GNAppDelegate.m */ = {isa = PBXFileReference; fileEncoding = 4; lastKnownFileType = sourcecode.c.objc; path = GNAppDelegate.m; sourceTree = "<group>"; };
		A80CBADB1C6773BD003CE7D7 /* GNSquareViewController.h */ = {isa = PBXFileReference; fileEncoding = 4; lastKnownFileType = sourcecode.c.h; path = GNSquareViewController.h; sourceTree = "<group>"; };
		A80CBADC1C6773BD003CE7D7 /* GNSquareViewController.m */ = {isa = PBXFileReference; fileEncoding = 4; lastKnownFileType = sourcecode.c.objc; path = GNSquareViewController.m; sourceTree = "<group>"; };
		A80CBAF21C67BA68003CE7D7 /* UIWindow+GNExtensions.h */ = {isa = PBXFileReference; fileEncoding = 4; lastKnownFileType = sourcecode.c.h; path = "UIWindow+GNExtensions.h"; sourceTree = "<group>"; };
		A80CBAF31C67BA68003CE7D7 /* UIWindow+GNExtensions.m */ = {isa = PBXFileReference; fileEncoding = 4; lastKnownFileType = sourcecode.c.objc; path = "UIWindow+GNExtensions.m"; sourceTree = "<group>"; };
		A80CBAF61C67C8BF003CE7D7 /* GNViewControllerMacro.h */ = {isa = PBXFileReference; lastKnownFileType = sourcecode.c.h; path = GNViewControllerMacro.h; sourceTree = "<group>"; };
		A80CBAF91C67D015003CE7D7 /* Assets.xcassets */ = {isa = PBXFileReference; lastKnownFileType = folder.assetcatalog; path = Assets.xcassets; sourceTree = "<group>"; };
		A80CBAFB1C67D015003CE7D7 /* Base */ = {isa = PBXFileReference; lastKnownFileType = file.storyboard; name = Base; path = Base.lproj/LaunchScreen.storyboard; sourceTree = "<group>"; };
		A80CBB021C67D2D4003CE7D7 /* GNSquareView.h */ = {isa = PBXFileReference; fileEncoding = 4; lastKnownFileType = sourcecode.c.h; path = GNSquareView.h; sourceTree = "<group>"; };
		A80CBB031C67D2D4003CE7D7 /* GNSquareView.m */ = {isa = PBXFileReference; fileEncoding = 4; lastKnownFileType = sourcecode.c.objc; path = GNSquareView.m; sourceTree = "<group>"; };
		A80CBB041C67D2D4003CE7D7 /* GNSquareView.xib */ = {isa = PBXFileReference; fileEncoding = 4; lastKnownFileType = file.xib; path = GNSquareView.xib; sourceTree = "<group>"; };
		A80CBB081C68E1FB003CE7D7 /* CGGeometry+GNExtensions.h */ = {isa = PBXFileReference; fileEncoding = 4; lastKnownFileType = sourcecode.c.h; path = "CGGeometry+GNExtensions.h"; sourceTree = "<group>"; };
		A80CBB091C68E1FB003CE7D7 /* CGGeometry+GNExtensions.m */ = {isa = PBXFileReference; fileEncoding = 4; lastKnownFileType = sourcecode.c.objc; path = "CGGeometry+GNExtensions.m"; sourceTree = "<group>"; };
		A84CAD531C6A125F00E8BC92 /* UI study plan.rtf */ = {isa = PBXFileReference; fileEncoding = 4; lastKnownFileType = text.rtf; path = "UI study plan.rtf"; sourceTree = "<group>"; };
		A8DA330B1C6C05B100309017 /* GNClangMacro.h */ = {isa = PBXFileReference; lastKnownFileType = sourcecode.c.h; path = GNClangMacro.h; sourceTree = "<group>"; };
		A8DA330C1C6C0A8700309017 /* GNOwnershipMacro.h */ = {isa = PBXFileReference; lastKnownFileType = sourcecode.c.h; path = GNOwnershipMacro.h; sourceTree = "<group>"; };
/* End PBXFileReference section */

/* Begin PBXFrameworksBuildPhase section */
		A80CBAAD1C67735C003CE7D7 /* Frameworks */ = {
			isa = PBXFrameworksBuildPhase;
			buildActionMask = 2147483647;
			files = (
			);
			runOnlyForDeploymentPostprocessing = 0;
		};
/* End PBXFrameworksBuildPhase section */

/* Begin PBXGroup section */
		A80CBAA71C67735C003CE7D7 = {
			isa = PBXGroup;
			children = (
				A80CBACA1C6773AA003CE7D7 /* GNLearnUI */,
				A80CBAF81C67D015003CE7D7 /* Resources */,
				A80CBAD81C6773BD003CE7D7 /* Source */,
				A80CBAB11C67735C003CE7D7 /* Products */,
				A84CAD531C6A125F00E8BC92 /* UI study plan.rtf */,
			);
			sourceTree = "<group>";
		};
		A80CBAB11C67735C003CE7D7 /* Products */ = {
			isa = PBXGroup;
			children = (
				A80CBAB01C67735C003CE7D7 /* GNLearnUI.app */,
			);
			name = Products;
			sourceTree = "<group>";
		};
		A80CBACA1C6773AA003CE7D7 /* GNLearnUI */ = {
			isa = PBXGroup;
			children = (
				A80CBAD91C6773BD003CE7D7 /* GNAppDelegate.h */,
				A80CBADA1C6773BD003CE7D7 /* GNAppDelegate.m */,
				A80CBACB1C6773AA003CE7D7 /* Info.plist */,
				A80CBACC1C6773AA003CE7D7 /* main.m */,
			);
			path = GNLearnUI;
			sourceTree = "<group>";
		};
		A80CBAD81C6773BD003CE7D7 /* Source */ = {
			isa = PBXGroup;
			children = (
				A84CAD551C6AA11400E8BC92 /* Library */,
				A80CBAE81C67AE3C003CE7D7 /* UI */,
			);
			path = Source;
			sourceTree = "<group>";
		};
		A80CBAE81C67AE3C003CE7D7 /* UI */ = {
			isa = PBXGroup;
			children = (
				A80CBAE91C67AE44003CE7D7 /* GNSquareViewController */,
			);
			path = UI;
			sourceTree = "<group>";
		};
		A80CBAE91C67AE44003CE7D7 /* GNSquareViewController */ = {
			isa = PBXGroup;
			children = (
				A80CBB021C67D2D4003CE7D7 /* GNSquareView.h */,
				A80CBB031C67D2D4003CE7D7 /* GNSquareView.m */,
				A80CBB041C67D2D4003CE7D7 /* GNSquareView.xib */,
				A80CBADB1C6773BD003CE7D7 /* GNSquareViewController.h */,
				A80CBADC1C6773BD003CE7D7 /* GNSquareViewController.m */,
			);
			path = GNSquareViewController;
			sourceTree = "<group>";
		};
		A80CBAEA1C67B67E003CE7D7 /* Categories */ = {
			isa = PBXGroup;
			children = (
				A80CBB071C68DC70003CE7D7 /* CGGeometry */,
				A80CBAEB1C67B6B5003CE7D7 /* UIWindow */,
			);
			path = Categories;
			sourceTree = "<group>";
		};
		A80CBAEB1C67B6B5003CE7D7 /* UIWindow */ = {
			isa = PBXGroup;
			children = (
				A80CBAF21C67BA68003CE7D7 /* UIWindow+GNExtensions.h */,
				A80CBAF31C67BA68003CE7D7 /* UIWindow+GNExtensions.m */,
			);
			path = UIWindow;
			sourceTree = "<group>";
		};
		A80CBAF51C67C86E003CE7D7 /* Macro */ = {
			isa = PBXGroup;
			children = (
				A8DA330B1C6C05B100309017 /* GNClangMacro.h */,
				A8DA330C1C6C0A8700309017 /* GNOwnershipMacro.h */,
				A80CBAF61C67C8BF003CE7D7 /* GNViewControllerMacro.h */,
			);
			path = Macro;
			sourceTree = "<group>";
		};
		A80CBAF81C67D015003CE7D7 /* Resources */ = {
			isa = PBXGroup;
			children = (
				A80CBAF91C67D015003CE7D7 /* Assets.xcassets */,
				A80CBAFA1C67D015003CE7D7 /* LaunchScreen.storyboard */,
			);
			path = Resources;
			sourceTree = "<group>";
		};
		A80CBB071C68DC70003CE7D7 /* CGGeometry */ = {
			isa = PBXGroup;
			children = (
				A80CBB081C68E1FB003CE7D7 /* CGGeometry+GNExtensions.h */,
				A80CBB091C68E1FB003CE7D7 /* CGGeometry+GNExtensions.m */,
			);
			path = CGGeometry;
			sourceTree = "<group>";
		};
		A84CAD551C6AA11400E8BC92 /* Library */ = {
			isa = PBXGroup;
			children = (
				A80CBAEA1C67B67E003CE7D7 /* Categories */,
				A80CBAF51C67C86E003CE7D7 /* Macro */,
			);
			path = Library;
			sourceTree = "<group>";
		};
/* End PBXGroup section */

/* Begin PBXNativeTarget section */
		A80CBAAF1C67735C003CE7D7 /* GNLearnUI */ = {
			isa = PBXNativeTarget;
			buildConfigurationList = A80CBAC71C67735C003CE7D7 /* Build configuration list for PBXNativeTarget "GNLearnUI" */;
			buildPhases = (
				A80CBAAC1C67735C003CE7D7 /* Sources */,
				A80CBAAD1C67735C003CE7D7 /* Frameworks */,
				A80CBAAE1C67735C003CE7D7 /* Resources */,
			);
			buildRules = (
			);
			dependencies = (
			);
			name = GNLearnUI;
			productName = GNLearnUI;
			productReference = A80CBAB01C67735C003CE7D7 /* GNLearnUI.app */;
			productType = "com.apple.product-type.application";
		};
/* End PBXNativeTarget section */

/* Begin PBXProject section */
		A80CBAA81C67735C003CE7D7 /* Project object */ = {
			isa = PBXProject;
			attributes = {
				CLASSPREFIX = GN;
				LastUpgradeCheck = 0720;
				ORGANIZATIONNAME = "IDAP College";
				TargetAttributes = {
					A80CBAAF1C67735C003CE7D7 = {
						CreatedOnToolsVersion = 7.2.1;
					};
				};
			};
			buildConfigurationList = A80CBAAB1C67735C003CE7D7 /* Build configuration list for PBXProject "GNLearnUI" */;
			compatibilityVersion = "Xcode 3.2";
			developmentRegion = English;
			hasScannedForEncodings = 0;
			knownRegions = (
				en,
				Base,
			);
			mainGroup = A80CBAA71C67735C003CE7D7;
			productRefGroup = A80CBAB11C67735C003CE7D7 /* Products */;
			projectDirPath = "";
			projectRoot = "";
			targets = (
				A80CBAAF1C67735C003CE7D7 /* GNLearnUI */,
			);
		};
/* End PBXProject section */

/* Begin PBXResourcesBuildPhase section */
		A80CBAAE1C67735C003CE7D7 /* Resources */ = {
			isa = PBXResourcesBuildPhase;
			buildActionMask = 2147483647;
			files = (
				A80CBAFF1C67D015003CE7D7 /* LaunchScreen.storyboard in Resources */,
				A84CAD541C6A125F00E8BC92 /* UI study plan.rtf in Resources */,
				A80CBB061C67D2D4003CE7D7 /* GNSquareView.xib in Resources */,
				A80CBAFE1C67D015003CE7D7 /* Assets.xcassets in Resources */,
			);
			runOnlyForDeploymentPostprocessing = 0;
		};
/* End PBXResourcesBuildPhase section */

/* Begin PBXSourcesBuildPhase section */
		A80CBAAC1C67735C003CE7D7 /* Sources */ = {
			isa = PBXSourcesBuildPhase;
			buildActionMask = 2147483647;
			files = (
				A80CBADE1C6773BD003CE7D7 /* GNSquareViewController.m in Sources */,
				A80CBAF41C67BA68003CE7D7 /* UIWindow+GNExtensions.m in Sources */,
				A80CBB0A1C68E1FB003CE7D7 /* CGGeometry+GNExtensions.m in Sources */,
				A80CBADD1C6773BD003CE7D7 /* GNAppDelegate.m in Sources */,
				A80CBACE1C6773AA003CE7D7 /* main.m in Sources */,
				A80CBB051C67D2D4003CE7D7 /* GNSquareView.m in Sources */,
			);
			runOnlyForDeploymentPostprocessing = 0;
		};
/* End PBXSourcesBuildPhase section */

/* Begin PBXVariantGroup section */
		A80CBAFA1C67D015003CE7D7 /* LaunchScreen.storyboard */ = {
			isa = PBXVariantGroup;
			children = (
				A80CBAFB1C67D015003CE7D7 /* Base */,
			);
			name = LaunchScreen.storyboard;
			sourceTree = "<group>";
		};
/* End PBXVariantGroup section */

/* Begin XCBuildConfiguration section */
		A80CBAC51C67735C003CE7D7 /* Debug */ = {
			isa = XCBuildConfiguration;
			buildSettings = {
				ALWAYS_SEARCH_USER_PATHS = NO;
				CLANG_CXX_LANGUAGE_STANDARD = "gnu++0x";
				CLANG_CXX_LIBRARY = "libc++";
				CLANG_ENABLE_MODULES = YES;
				CLANG_ENABLE_OBJC_ARC = YES;
				CLANG_WARN_BOOL_CONVERSION = YES;
				CLANG_WARN_CONSTANT_CONVERSION = YES;
				CLANG_WARN_DIRECT_OBJC_ISA_USAGE = YES_ERROR;
				CLANG_WARN_EMPTY_BODY = YES;
				CLANG_WARN_ENUM_CONVERSION = YES;
				CLANG_WARN_INT_CONVERSION = YES;
				CLANG_WARN_OBJC_ROOT_CLASS = YES_ERROR;
				CLANG_WARN_UNREACHABLE_CODE = YES;
				CLANG_WARN__DUPLICATE_METHOD_MATCH = YES;
				"CODE_SIGN_IDENTITY[sdk=iphoneos*]" = "iPhone Developer";
				COPY_PHASE_STRIP = NO;
				DEBUG_INFORMATION_FORMAT = dwarf;
				ENABLE_STRICT_OBJC_MSGSEND = YES;
				ENABLE_TESTABILITY = YES;
				GCC_C_LANGUAGE_STANDARD = gnu99;
				GCC_DYNAMIC_NO_PIC = NO;
				GCC_NO_COMMON_BLOCKS = YES;
				GCC_OPTIMIZATION_LEVEL = 0;
				GCC_PREPROCESSOR_DEFINITIONS = (
					"DEBUG=1",
					"$(inherited)",
				);
				GCC_WARN_64_TO_32_BIT_CONVERSION = YES;
				GCC_WARN_ABOUT_RETURN_TYPE = YES_ERROR;
				GCC_WARN_UNDECLARED_SELECTOR = YES;
				GCC_WARN_UNINITIALIZED_AUTOS = YES_AGGRESSIVE;
				GCC_WARN_UNUSED_FUNCTION = YES;
				GCC_WARN_UNUSED_VARIABLE = YES;
				IPHONEOS_DEPLOYMENT_TARGET = 9.2;
				MTL_ENABLE_DEBUG_INFO = YES;
				ONLY_ACTIVE_ARCH = YES;
				SDKROOT = iphoneos;
			};
			name = Debug;
		};
		A80CBAC61C67735C003CE7D7 /* Release */ = {
			isa = XCBuildConfiguration;
			buildSettings = {
				ALWAYS_SEARCH_USER_PATHS = NO;
				CLANG_CXX_LANGUAGE_STANDARD = "gnu++0x";
				CLANG_CXX_LIBRARY = "libc++";
				CLANG_ENABLE_MODULES = YES;
				CLANG_ENABLE_OBJC_ARC = YES;
				CLANG_WARN_BOOL_CONVERSION = YES;
				CLANG_WARN_CONSTANT_CONVERSION = YES;
				CLANG_WARN_DIRECT_OBJC_ISA_USAGE = YES_ERROR;
				CLANG_WARN_EMPTY_BODY = YES;
				CLANG_WARN_ENUM_CONVERSION = YES;
				CLANG_WARN_INT_CONVERSION = YES;
				CLANG_WARN_OBJC_ROOT_CLASS = YES_ERROR;
				CLANG_WARN_UNREACHABLE_CODE = YES;
				CLANG_WARN__DUPLICATE_METHOD_MATCH = YES;
				"CODE_SIGN_IDENTITY[sdk=iphoneos*]" = "iPhone Developer";
				COPY_PHASE_STRIP = NO;
				DEBUG_INFORMATION_FORMAT = "dwarf-with-dsym";
				ENABLE_NS_ASSERTIONS = NO;
				ENABLE_STRICT_OBJC_MSGSEND = YES;
				GCC_C_LANGUAGE_STANDARD = gnu99;
				GCC_NO_COMMON_BLOCKS = YES;
				GCC_WARN_64_TO_32_BIT_CONVERSION = YES;
				GCC_WARN_ABOUT_RETURN_TYPE = YES_ERROR;
				GCC_WARN_UNDECLARED_SELECTOR = YES;
				GCC_WARN_UNINITIALIZED_AUTOS = YES_AGGRESSIVE;
				GCC_WARN_UNUSED_FUNCTION = YES;
				GCC_WARN_UNUSED_VARIABLE = YES;
				IPHONEOS_DEPLOYMENT_TARGET = 9.2;
				MTL_ENABLE_DEBUG_INFO = NO;
				SDKROOT = iphoneos;
				VALIDATE_PRODUCT = YES;
			};
			name = Release;
		};
		A80CBAC81C67735C003CE7D7 /* Debug */ = {
			isa = XCBuildConfiguration;
			buildSettings = {
				ASSETCATALOG_COMPILER_APPICON_NAME = AppIcon;
				INFOPLIST_FILE = GNLearnUI/Info.plist;
				LD_RUNPATH_SEARCH_PATHS = "$(inherited) @executable_path/Frameworks";
				PRODUCT_BUNDLE_IDENTIFIER = com.garynine.GNLearnUI;
				PRODUCT_NAME = "$(TARGET_NAME)";
			};
			name = Debug;
		};
		A80CBAC91C67735C003CE7D7 /* Release */ = {
			isa = XCBuildConfiguration;
			buildSettings = {
				ASSETCATALOG_COMPILER_APPICON_NAME = AppIcon;
				INFOPLIST_FILE = GNLearnUI/Info.plist;
				LD_RUNPATH_SEARCH_PATHS = "$(inherited) @executable_path/Frameworks";
				PRODUCT_BUNDLE_IDENTIFIER = com.garynine.GNLearnUI;
				PRODUCT_NAME = "$(TARGET_NAME)";
			};
			name = Release;
		};
/* End XCBuildConfiguration section */

/* Begin XCConfigurationList section */
		A80CBAAB1C67735C003CE7D7 /* Build configuration list for PBXProject "GNLearnUI" */ = {
			isa = XCConfigurationList;
			buildConfigurations = (
				A80CBAC51C67735C003CE7D7 /* Debug */,
				A80CBAC61C67735C003CE7D7 /* Release */,
			);
			defaultConfigurationIsVisible = 0;
			defaultConfigurationName = Release;
		};
		A80CBAC71C67735C003CE7D7 /* Build configuration list for PBXNativeTarget "GNLearnUI" */ = {
			isa = XCConfigurationList;
			buildConfigurations = (
				A80CBAC81C67735C003CE7D7 /* Debug */,
				A80CBAC91C67735C003CE7D7 /* Release */,
			);
			defaultConfigurationIsVisible = 0;
			defaultConfigurationName = Release;
		};
/* End XCConfigurationList section */
	};
	rootObject = A80CBAA81C67735C003CE7D7 /* Project object */;
}
