// !$*UTF8*$!
{
	archiveVersion = 1;
	classes = {
	};
	objectVersion = 46;
	objects = {

/* Begin PBXBuildFile section */
		8348CC4EE2B318311486C28D /* libPods-ObjCTests.a in Frameworks */ = {isa = PBXBuildFile; fileRef = EE65FF3E208421091152E8E5 /* libPods-ObjCTests.a */; };
		A8159B741C03169B00542191 /* GNArray.c in Sources */ = {isa = PBXBuildFile; fileRef = A8159B411C03169B00542191 /* GNArray.c */; };
		A8159B751C03169B00542191 /* GNDynamicArray.c in Sources */ = {isa = PBXBuildFile; fileRef = A8159B461C03169B00542191 /* GNDynamicArray.c */; };
		A8159B761C03169B00542191 /* GNHuman.c in Sources */ = {isa = PBXBuildFile; fileRef = A8159B491C03169B00542191 /* GNHuman.c */; };
		A8159B771C03169B00542191 /* GNObject.c in Sources */ = {isa = PBXBuildFile; fileRef = A8159B4E1C03169B00542191 /* GNObject.c */; };
		A8159B781C03169B00542191 /* GNParentTypeOutput.c in Sources */ = {isa = PBXBuildFile; fileRef = A8159B511C03169B00542191 /* GNParentTypeOutput.c */; };
		A8159B791C03169B00542191 /* GNString.c in Sources */ = {isa = PBXBuildFile; fileRef = A8159B581C03169B00542191 /* GNString.c */; };
		A8159B7A1C03169B00542191 /* GNValueBitOutput.c in Sources */ = {isa = PBXBuildFile; fileRef = A8159B5B1C03169B00542191 /* GNValueBitOutput.c */; };
		A8159B7B1C03169B00542191 /* main.c in Sources */ = {isa = PBXBuildFile; fileRef = A8159B5D1C03169B00542191 /* main.c */; };
		A8159B7C1C03169B00542191 /* GNBasicTypeValuePrintTest.c in Sources */ = {isa = PBXBuildFile; fileRef = A8159B601C03169B00542191 /* GNBasicTypeValuePrintTest.c */; };
		A8159B7D1C03169B00542191 /* GNHumanTests.c in Sources */ = {isa = PBXBuildFile; fileRef = A8159B631C03169B00542191 /* GNHumanTests.c */; };
		A8159B7E1C03169B00542191 /* GNObjectTests.c in Sources */ = {isa = PBXBuildFile; fileRef = A8159B661C03169B00542191 /* GNObjectTests.c */; };
		A8159B7F1C03169B00542191 /* GNParentTypeOutputTests.c in Sources */ = {isa = PBXBuildFile; fileRef = A8159B691C03169B00542191 /* GNParentTypeOutputTests.c */; };
		A8159B801C03169B00542191 /* GNSizeOfTypesPrintTest.c in Sources */ = {isa = PBXBuildFile; fileRef = A8159B6C1C03169B00542191 /* GNSizeOfTypesPrintTest.c */; };
		A8159B811C03169B00542191 /* GNStructurePrintTests.c in Sources */ = {isa = PBXBuildFile; fileRef = A8159B6F1C03169B00542191 /* GNStructurePrintTests.c */; };
		A8159B821C03169B00542191 /* GNValueBitOutputTests.c in Sources */ = {isa = PBXBuildFile; fileRef = A8159B721C03169B00542191 /* GNValueBitOutputTests.c */; };
		A87C85AA1C15CB45009547A4 /* GNCar.m in Sources */ = {isa = PBXBuildFile; fileRef = A87C85A91C15CB45009547A4 /* GNCar.m */; };
		A87D815A1C517C8D00D833B9 /* GNQueue.m in Sources */ = {isa = PBXBuildFile; fileRef = A8E094B71C43C6A30022A23E /* GNQueue.m */; };
		A8A6A13E1C14E171008B7A63 /* GNBeingSpec.m in Sources */ = {isa = PBXBuildFile; fileRef = A8A6A13D1C14E171008B7A63 /* GNBeingSpec.m */; };
		A8A6A1401C150929008B7A63 /* NSString+GNExtensionsSpec.m in Sources */ = {isa = PBXBuildFile; fileRef = A8A6A13F1C150929008B7A63 /* NSString+GNExtensionsSpec.m */; };
		A8ACD7E21C55BE40009707BA /* GNDispatcher.m in Sources */ = {isa = PBXBuildFile; fileRef = A8ACD7E01C544916009707BA /* GNDispatcher.m */; };
		A8C1C8031C3F40FF0088E276 /* GNObservableObject.m in Sources */ = {isa = PBXBuildFile; fileRef = A8C1C8011C3F38620088E276 /* GNObservableObject.m */; };
		A8D767881C5243B400E61E0E /* GNController.m in Sources */ = {isa = PBXBuildFile; fileRef = A8D767861C5239F600E61E0E /* GNController.m */; };
		A8DA331B1C6C331D00309017 /* GNDispatch.m in Sources */ = {isa = PBXBuildFile; fileRef = A8DA331A1C6C331D00309017 /* GNDispatch.m */; };
		A8DC22D61C14C415002BA42C /* NSString+GNExtensions.m in Sources */ = {isa = PBXBuildFile; fileRef = A8DC22C01C14C415002BA42C /* NSString+GNExtensions.m */; };
		A8DC22D71C14C415002BA42C /* NSString+GNExtensions.m in Sources */ = {isa = PBXBuildFile; fileRef = A8DC22C01C14C415002BA42C /* NSString+GNExtensions.m */; };
		A8DC22D81C14C415002BA42C /* GNBeing.m in Sources */ = {isa = PBXBuildFile; fileRef = A8DC22C51C14C415002BA42C /* GNBeing.m */; };
		A8DC22D91C14C415002BA42C /* GNBeing.m in Sources */ = {isa = PBXBuildFile; fileRef = A8DC22C51C14C415002BA42C /* GNBeing.m */; };
		A8DC22DA1C14C415002BA42C /* GNFemale.m in Sources */ = {isa = PBXBuildFile; fileRef = A8DC22C81C14C415002BA42C /* GNFemale.m */; };
		A8DC22DB1C14C415002BA42C /* GNFemale.m in Sources */ = {isa = PBXBuildFile; fileRef = A8DC22C81C14C415002BA42C /* GNFemale.m */; };
		A8DC22DC1C14C415002BA42C /* GNMale.m in Sources */ = {isa = PBXBuildFile; fileRef = A8DC22CB1C14C415002BA42C /* GNMale.m */; };
		A8DC22DD1C14C415002BA42C /* GNMale.m in Sources */ = {isa = PBXBuildFile; fileRef = A8DC22CB1C14C415002BA42C /* GNMale.m */; };
		A8DC22DE1C14C415002BA42C /* NSObject+GNExtensions.m in Sources */ = {isa = PBXBuildFile; fileRef = A8DC22CE1C14C415002BA42C /* NSObject+GNExtensions.m */; };
		A8DC22DF1C14C415002BA42C /* NSObject+GNExtensions.m in Sources */ = {isa = PBXBuildFile; fileRef = A8DC22CE1C14C415002BA42C /* NSObject+GNExtensions.m */; };
		A8DC22E01C14C415002BA42C /* main.m in Sources */ = {isa = PBXBuildFile; fileRef = A8DC22D11C14C415002BA42C /* main.m */; };
		A8DC22E21C14C415002BA42C /* GNBeingTests.m in Sources */ = {isa = PBXBuildFile; fileRef = A8DC22D51C14C415002BA42C /* GNBeingTests.m */; };
		A8DC22E31C14C415002BA42C /* GNBeingTests.m in Sources */ = {isa = PBXBuildFile; fileRef = A8DC22D51C14C415002BA42C /* GNBeingTests.m */; };
		A8F78A0F1C16EB190021AC10 /* GNEnterprise.m in Sources */ = {isa = PBXBuildFile; fileRef = A8F78A0E1C16EB190021AC10 /* GNEnterprise.m */; };
		A8F78A171C16F2790021AC10 /* GNEmployee.m in Sources */ = {isa = PBXBuildFile; fileRef = A8F78A161C16F2790021AC10 /* GNEmployee.m */; };
		A8F78A271C16FF7F0021AC10 /* GNManager.m in Sources */ = {isa = PBXBuildFile; fileRef = A8F78A261C16FF7F0021AC10 /* GNManager.m */; };
		A8F78A2B1C16FFB00021AC10 /* GNAccountant.m in Sources */ = {isa = PBXBuildFile; fileRef = A8F78A2A1C16FFB00021AC10 /* GNAccountant.m */; };
		A8F78A2F1C16FFD40021AC10 /* GNWasherman.m in Sources */ = {isa = PBXBuildFile; fileRef = A8F78A2E1C16FFD40021AC10 /* GNWasherman.m */; };
/* End PBXBuildFile section */

/* Begin PBXCopyFilesBuildPhase section */
		A89422311C03138B006C1164 /* CopyFiles */ = {
			isa = PBXCopyFilesBuildPhase;
			buildActionMask = 2147483647;
			dstPath = /usr/share/man/man1/;
			dstSubfolderSpec = 0;
			files = (
			);
			runOnlyForDeploymentPostprocessing = 1;
		};
		A8E777C21BB346B200FCB3C9 /* CopyFiles */ = {
			isa = PBXCopyFilesBuildPhase;
			buildActionMask = 2147483647;
			dstPath = /usr/share/man/man1/;
			dstSubfolderSpec = 0;
			files = (
			);
			runOnlyForDeploymentPostprocessing = 1;
		};
/* End PBXCopyFilesBuildPhase section */

/* Begin PBXFileReference section */
		860AD5AF3FDA3D786B2AF992 /* Pods-ObjCTests.debug.xcconfig */ = {isa = PBXFileReference; includeInIndex = 1; lastKnownFileType = text.xcconfig; name = "Pods-ObjCTests.debug.xcconfig"; path = "Pods/Target Support Files/Pods-ObjCTests/Pods-ObjCTests.debug.xcconfig"; sourceTree = "<group>"; };
		A8159B411C03169B00542191 /* GNArray.c */ = {isa = PBXFileReference; fileEncoding = 4; lastKnownFileType = sourcecode.c.c; path = GNArray.c; sourceTree = "<group>"; };
		A8159B421C03169B00542191 /* GNArray.h */ = {isa = PBXFileReference; fileEncoding = 4; lastKnownFileType = sourcecode.c.h; path = GNArray.h; sourceTree = "<group>"; };
		A8159B441C03169B00542191 /* GNBasicTypeValue.h */ = {isa = PBXFileReference; fileEncoding = 4; lastKnownFileType = sourcecode.c.h; path = GNBasicTypeValue.h; sourceTree = "<group>"; };
		A8159B461C03169B00542191 /* GNDynamicArray.c */ = {isa = PBXFileReference; fileEncoding = 4; lastKnownFileType = sourcecode.c.c; path = GNDynamicArray.c; sourceTree = "<group>"; };
		A8159B471C03169B00542191 /* GNDynamicArray.h */ = {isa = PBXFileReference; fileEncoding = 4; lastKnownFileType = sourcecode.c.h; path = GNDynamicArray.h; sourceTree = "<group>"; };
		A8159B491C03169B00542191 /* GNHuman.c */ = {isa = PBXFileReference; fileEncoding = 4; lastKnownFileType = sourcecode.c.c; path = GNHuman.c; sourceTree = "<group>"; };
		A8159B4A1C03169B00542191 /* GNHuman.h */ = {isa = PBXFileReference; fileEncoding = 4; lastKnownFileType = sourcecode.c.h; path = GNHuman.h; sourceTree = "<group>"; };
		A8159B4C1C03169B00542191 /* GNMacros.h */ = {isa = PBXFileReference; fileEncoding = 4; lastKnownFileType = sourcecode.c.h; path = GNMacros.h; sourceTree = "<group>"; };
		A8159B4E1C03169B00542191 /* GNObject.c */ = {isa = PBXFileReference; fileEncoding = 4; lastKnownFileType = sourcecode.c.c; path = GNObject.c; sourceTree = "<group>"; };
		A8159B4F1C03169B00542191 /* GNObject.h */ = {isa = PBXFileReference; fileEncoding = 4; lastKnownFileType = sourcecode.c.h; path = GNObject.h; sourceTree = "<group>"; };
		A8159B511C03169B00542191 /* GNParentTypeOutput.c */ = {isa = PBXFileReference; fileEncoding = 4; lastKnownFileType = sourcecode.c.c; path = GNParentTypeOutput.c; sourceTree = "<group>"; };
		A8159B521C03169B00542191 /* GNParentTypeOutput.h */ = {isa = PBXFileReference; fileEncoding = 4; lastKnownFileType = sourcecode.c.h; path = GNParentTypeOutput.h; sourceTree = "<group>"; };
		A8159B541C03169B00542191 /* GNPerformStructure.h */ = {isa = PBXFileReference; fileEncoding = 4; lastKnownFileType = sourcecode.c.h; path = GNPerformStructure.h; sourceTree = "<group>"; };
		A8159B561C03169B00542191 /* GNSizeOfTypes.h */ = {isa = PBXFileReference; fileEncoding = 4; lastKnownFileType = sourcecode.c.h; path = GNSizeOfTypes.h; sourceTree = "<group>"; };
		A8159B581C03169B00542191 /* GNString.c */ = {isa = PBXFileReference; fileEncoding = 4; lastKnownFileType = sourcecode.c.c; path = GNString.c; sourceTree = "<group>"; };
		A8159B591C03169B00542191 /* GNString.h */ = {isa = PBXFileReference; fileEncoding = 4; lastKnownFileType = sourcecode.c.h; path = GNString.h; sourceTree = "<group>"; };
		A8159B5B1C03169B00542191 /* GNValueBitOutput.c */ = {isa = PBXFileReference; fileEncoding = 4; lastKnownFileType = sourcecode.c.c; path = GNValueBitOutput.c; sourceTree = "<group>"; };
		A8159B5C1C03169B00542191 /* GNValueBitOutput.h */ = {isa = PBXFileReference; fileEncoding = 4; lastKnownFileType = sourcecode.c.h; path = GNValueBitOutput.h; sourceTree = "<group>"; };
		A8159B5D1C03169B00542191 /* main.c */ = {isa = PBXFileReference; fileEncoding = 4; lastKnownFileType = sourcecode.c.c; name = main.c; path = Sources/main.c; sourceTree = "<group>"; };
		A8159B601C03169B00542191 /* GNBasicTypeValuePrintTest.c */ = {isa = PBXFileReference; fileEncoding = 4; lastKnownFileType = sourcecode.c.c; path = GNBasicTypeValuePrintTest.c; sourceTree = "<group>"; };
		A8159B611C03169B00542191 /* GNBasicTypeValuePrintTest.h */ = {isa = PBXFileReference; fileEncoding = 4; lastKnownFileType = sourcecode.c.h; path = GNBasicTypeValuePrintTest.h; sourceTree = "<group>"; };
		A8159B631C03169B00542191 /* GNHumanTests.c */ = {isa = PBXFileReference; fileEncoding = 4; lastKnownFileType = sourcecode.c.c; path = GNHumanTests.c; sourceTree = "<group>"; };
		A8159B641C03169B00542191 /* GNHumanTests.h */ = {isa = PBXFileReference; fileEncoding = 4; lastKnownFileType = sourcecode.c.h; path = GNHumanTests.h; sourceTree = "<group>"; };
		A8159B661C03169B00542191 /* GNObjectTests.c */ = {isa = PBXFileReference; fileEncoding = 4; lastKnownFileType = sourcecode.c.c; path = GNObjectTests.c; sourceTree = "<group>"; };
		A8159B671C03169B00542191 /* GNObjectTests.h */ = {isa = PBXFileReference; fileEncoding = 4; lastKnownFileType = sourcecode.c.h; path = GNObjectTests.h; sourceTree = "<group>"; };
		A8159B691C03169B00542191 /* GNParentTypeOutputTests.c */ = {isa = PBXFileReference; fileEncoding = 4; lastKnownFileType = sourcecode.c.c; path = GNParentTypeOutputTests.c; sourceTree = "<group>"; };
		A8159B6A1C03169B00542191 /* GNParentTypeOutputTests.h */ = {isa = PBXFileReference; fileEncoding = 4; lastKnownFileType = sourcecode.c.h; path = GNParentTypeOutputTests.h; sourceTree = "<group>"; };
		A8159B6C1C03169B00542191 /* GNSizeOfTypesPrintTest.c */ = {isa = PBXFileReference; fileEncoding = 4; lastKnownFileType = sourcecode.c.c; path = GNSizeOfTypesPrintTest.c; sourceTree = "<group>"; };
		A8159B6D1C03169B00542191 /* GNSizeOfTypesPrintTest.h */ = {isa = PBXFileReference; fileEncoding = 4; lastKnownFileType = sourcecode.c.h; path = GNSizeOfTypesPrintTest.h; sourceTree = "<group>"; };
		A8159B6F1C03169B00542191 /* GNStructurePrintTests.c */ = {isa = PBXFileReference; fileEncoding = 4; lastKnownFileType = sourcecode.c.c; path = GNStructurePrintTests.c; sourceTree = "<group>"; };
		A8159B701C03169B00542191 /* GNStructurePrintTests.h */ = {isa = PBXFileReference; fileEncoding = 4; lastKnownFileType = sourcecode.c.h; path = GNStructurePrintTests.h; sourceTree = "<group>"; };
		A8159B721C03169B00542191 /* GNValueBitOutputTests.c */ = {isa = PBXFileReference; fileEncoding = 4; lastKnownFileType = sourcecode.c.c; path = GNValueBitOutputTests.c; sourceTree = "<group>"; };
		A8159B731C03169B00542191 /* GNValueBitOutputTests.h */ = {isa = PBXFileReference; fileEncoding = 4; lastKnownFileType = sourcecode.c.h; path = GNValueBitOutputTests.h; sourceTree = "<group>"; };
		A825A2DD1C42C61000D7EE43 /* GNEmployeeObserverProtocol.h */ = {isa = PBXFileReference; lastKnownFileType = sourcecode.c.h; path = GNEmployeeObserverProtocol.h; sourceTree = "<group>"; };
		A83B0A701C14CB3E00F9909C /* GNLearnC */ = {isa = PBXFileReference; explicitFileType = "compiled.mach-o.executable"; includeInIndex = 0; path = GNLearnC; sourceTree = BUILT_PRODUCTS_DIR; };
		A83B0A711C14CB3E00F9909C /* GNLearnObjC */ = {isa = PBXFileReference; explicitFileType = "compiled.mach-o.executable"; includeInIndex = 0; path = GNLearnObjC; sourceTree = BUILT_PRODUCTS_DIR; };
		A87C85A81C15CB45009547A4 /* GNCar.h */ = {isa = PBXFileReference; fileEncoding = 4; lastKnownFileType = sourcecode.c.h; path = GNCar.h; sourceTree = "<group>"; };
		A87C85A91C15CB45009547A4 /* GNCar.m */ = {isa = PBXFileReference; fileEncoding = 4; lastKnownFileType = sourcecode.c.objc; path = GNCar.m; sourceTree = "<group>"; };
		A88FA4061C19C45500118AF1 /* GNCashProtocol.h */ = {isa = PBXFileReference; fileEncoding = 4; lastKnownFileType = sourcecode.c.h; path = GNCashProtocol.h; sourceTree = "<group>"; };
		A8A6A13D1C14E171008B7A63 /* GNBeingSpec.m */ = {isa = PBXFileReference; fileEncoding = 4; lastKnownFileType = sourcecode.c.objc; path = GNBeingSpec.m; sourceTree = "<group>"; };
		A8A6A13F1C150929008B7A63 /* NSString+GNExtensionsSpec.m */ = {isa = PBXFileReference; fileEncoding = 4; lastKnownFileType = sourcecode.c.objc; path = "NSString+GNExtensionsSpec.m"; sourceTree = "<group>"; };
		A8ACD7DF1C544916009707BA /* GNDispatcher.h */ = {isa = PBXFileReference; fileEncoding = 4; lastKnownFileType = sourcecode.c.h; path = GNDispatcher.h; sourceTree = "<group>"; };
		A8ACD7E01C544916009707BA /* GNDispatcher.m */ = {isa = PBXFileReference; fileEncoding = 4; lastKnownFileType = sourcecode.c.objc; path = GNDispatcher.m; sourceTree = "<group>"; };
		A8C1C8001C3F38620088E276 /* GNObservableObject.h */ = {isa = PBXFileReference; fileEncoding = 4; lastKnownFileType = sourcecode.c.h; path = GNObservableObject.h; sourceTree = "<group>"; };
		A8C1C8011C3F38620088E276 /* GNObservableObject.m */ = {isa = PBXFileReference; fileEncoding = 4; lastKnownFileType = sourcecode.c.objc; path = GNObservableObject.m; sourceTree = "<group>"; };
		A8D767851C5239F600E61E0E /* GNController.h */ = {isa = PBXFileReference; fileEncoding = 4; lastKnownFileType = sourcecode.c.h; path = GNController.h; sourceTree = "<group>"; };
		A8D767861C5239F600E61E0E /* GNController.m */ = {isa = PBXFileReference; fileEncoding = 4; lastKnownFileType = sourcecode.c.objc; path = GNController.m; sourceTree = "<group>"; };
		A8DA331A1C6C331D00309017 /* GNDispatch.m */ = {isa = PBXFileReference; fileEncoding = 4; lastKnownFileType = sourcecode.c.objc; path = GNDispatch.m; sourceTree = "<group>"; };
		A8DA331C1C6C332F00309017 /* GNDispatch.h */ = {isa = PBXFileReference; fileEncoding = 4; lastKnownFileType = sourcecode.c.h; path = GNDispatch.h; sourceTree = "<group>"; };
		A8DC22B41C14C04B002BA42C /* ObjCTests.xctest */ = {isa = PBXFileReference; explicitFileType = wrapper.cfbundle; includeInIndex = 0; path = ObjCTests.xctest; sourceTree = BUILT_PRODUCTS_DIR; };
		A8DC22B81C14C04B002BA42C /* Info.plist */ = {isa = PBXFileReference; lastKnownFileType = text.plist.xml; path = Info.plist; sourceTree = "<group>"; };
		A8DC22BF1C14C415002BA42C /* NSString+GNExtensions.h */ = {isa = PBXFileReference; fileEncoding = 4; lastKnownFileType = sourcecode.c.h; path = "NSString+GNExtensions.h"; sourceTree = "<group>"; };
		A8DC22C01C14C415002BA42C /* NSString+GNExtensions.m */ = {isa = PBXFileReference; fileEncoding = 4; lastKnownFileType = sourcecode.c.objc; path = "NSString+GNExtensions.m"; sourceTree = "<group>"; };
		A8DC22C31C14C415002BA42C /* GNTypeDefs.h */ = {isa = PBXFileReference; fileEncoding = 4; lastKnownFileType = sourcecode.c.h; path = GNTypeDefs.h; sourceTree = "<group>"; };
		A8DC22C41C14C415002BA42C /* GNBeing.h */ = {isa = PBXFileReference; fileEncoding = 4; lastKnownFileType = sourcecode.c.h; path = GNBeing.h; sourceTree = "<group>"; };
		A8DC22C51C14C415002BA42C /* GNBeing.m */ = {isa = PBXFileReference; fileEncoding = 4; lastKnownFileType = sourcecode.c.objc; path = GNBeing.m; sourceTree = "<group>"; };
		A8DC22C71C14C415002BA42C /* GNFemale.h */ = {isa = PBXFileReference; fileEncoding = 4; lastKnownFileType = sourcecode.c.h; path = GNFemale.h; sourceTree = "<group>"; };
		A8DC22C81C14C415002BA42C /* GNFemale.m */ = {isa = PBXFileReference; fileEncoding = 4; lastKnownFileType = sourcecode.c.objc; path = GNFemale.m; sourceTree = "<group>"; };
		A8DC22CA1C14C415002BA42C /* GNMale.h */ = {isa = PBXFileReference; fileEncoding = 4; lastKnownFileType = sourcecode.c.h; path = GNMale.h; sourceTree = "<group>"; };
		A8DC22CB1C14C415002BA42C /* GNMale.m */ = {isa = PBXFileReference; fileEncoding = 4; lastKnownFileType = sourcecode.c.objc; path = GNMale.m; sourceTree = "<group>"; };
		A8DC22CD1C14C415002BA42C /* NSObject+GNExtensions.h */ = {isa = PBXFileReference; fileEncoding = 4; lastKnownFileType = sourcecode.c.h; path = "NSObject+GNExtensions.h"; sourceTree = "<group>"; };
		A8DC22CE1C14C415002BA42C /* NSObject+GNExtensions.m */ = {isa = PBXFileReference; fileEncoding = 4; lastKnownFileType = sourcecode.c.objc; path = "NSObject+GNExtensions.m"; sourceTree = "<group>"; };
		A8DC22D01C14C415002BA42C /* GNBeingProtocol.h */ = {isa = PBXFileReference; fileEncoding = 4; lastKnownFileType = sourcecode.c.h; path = GNBeingProtocol.h; sourceTree = "<group>"; };
		A8DC22D11C14C415002BA42C /* main.m */ = {isa = PBXFileReference; fileEncoding = 4; lastKnownFileType = sourcecode.c.objc; path = main.m; sourceTree = "<group>"; };
		A8DC22D41C14C415002BA42C /* GNBeingTests.h */ = {isa = PBXFileReference; fileEncoding = 4; lastKnownFileType = sourcecode.c.h; path = GNBeingTests.h; sourceTree = "<group>"; };
		A8DC22D51C14C415002BA42C /* GNBeingTests.m */ = {isa = PBXFileReference; fileEncoding = 4; lastKnownFileType = sourcecode.c.objc; path = GNBeingTests.m; sourceTree = "<group>"; };
		A8E094B51C43A7AF0022A23E /* GNPrefixHeader.pch */ = {isa = PBXFileReference; fileEncoding = 4; lastKnownFileType = sourcecode.c.h; path = GNPrefixHeader.pch; sourceTree = "<group>"; };
		A8E094B61C43C6A30022A23E /* GNQueue.h */ = {isa = PBXFileReference; fileEncoding = 4; lastKnownFileType = sourcecode.c.h; path = GNQueue.h; sourceTree = "<group>"; };
		A8E094B71C43C6A30022A23E /* GNQueue.m */ = {isa = PBXFileReference; fileEncoding = 4; lastKnownFileType = sourcecode.c.objc; path = GNQueue.m; sourceTree = "<group>"; };
		A8F78A0D1C16EB190021AC10 /* GNEnterprise.h */ = {isa = PBXFileReference; fileEncoding = 4; lastKnownFileType = sourcecode.c.h; name = GNEnterprise.h; path = GNCarWash/GNEnterprise.h; sourceTree = "<group>"; };
		A8F78A0E1C16EB190021AC10 /* GNEnterprise.m */ = {isa = PBXFileReference; fileEncoding = 4; lastKnownFileType = sourcecode.c.objc; name = GNEnterprise.m; path = GNCarWash/GNEnterprise.m; sourceTree = "<group>"; };
		A8F78A151C16F2790021AC10 /* GNEmployee.h */ = {isa = PBXFileReference; fileEncoding = 4; lastKnownFileType = sourcecode.c.h; path = GNEmployee.h; sourceTree = "<group>"; };
		A8F78A161C16F2790021AC10 /* GNEmployee.m */ = {isa = PBXFileReference; fileEncoding = 4; lastKnownFileType = sourcecode.c.objc; path = GNEmployee.m; sourceTree = "<group>"; };
		A8F78A251C16FF7F0021AC10 /* GNManager.h */ = {isa = PBXFileReference; fileEncoding = 4; lastKnownFileType = sourcecode.c.h; path = GNManager.h; sourceTree = "<group>"; };
		A8F78A261C16FF7F0021AC10 /* GNManager.m */ = {isa = PBXFileReference; fileEncoding = 4; lastKnownFileType = sourcecode.c.objc; path = GNManager.m; sourceTree = "<group>"; };
		A8F78A291C16FFB00021AC10 /* GNAccountant.h */ = {isa = PBXFileReference; fileEncoding = 4; lastKnownFileType = sourcecode.c.h; path = GNAccountant.h; sourceTree = "<group>"; };
		A8F78A2A1C16FFB00021AC10 /* GNAccountant.m */ = {isa = PBXFileReference; fileEncoding = 4; lastKnownFileType = sourcecode.c.objc; path = GNAccountant.m; sourceTree = "<group>"; };
		A8F78A2D1C16FFD40021AC10 /* GNWasherman.h */ = {isa = PBXFileReference; fileEncoding = 4; lastKnownFileType = sourcecode.c.h; path = GNWasherman.h; sourceTree = "<group>"; };
		A8F78A2E1C16FFD40021AC10 /* GNWasherman.m */ = {isa = PBXFileReference; fileEncoding = 4; lastKnownFileType = sourcecode.c.objc; path = GNWasherman.m; sourceTree = "<group>"; };
		D0EEF18A9C4038D9426B29B7 /* Pods-ObjCTests.release.xcconfig */ = {isa = PBXFileReference; includeInIndex = 1; lastKnownFileType = text.xcconfig; name = "Pods-ObjCTests.release.xcconfig"; path = "Pods/Target Support Files/Pods-ObjCTests/Pods-ObjCTests.release.xcconfig"; sourceTree = "<group>"; };
		EE65FF3E208421091152E8E5 /* libPods-ObjCTests.a */ = {isa = PBXFileReference; explicitFileType = archive.ar; includeInIndex = 0; path = "libPods-ObjCTests.a"; sourceTree = BUILT_PRODUCTS_DIR; };
/* End PBXFileReference section */

/* Begin PBXFrameworksBuildPhase section */
		A89422301C03138B006C1164 /* Frameworks */ = {
			isa = PBXFrameworksBuildPhase;
			buildActionMask = 2147483647;
			files = (
			);
			runOnlyForDeploymentPostprocessing = 0;
		};
		A8DC22B11C14C04B002BA42C /* Frameworks */ = {
			isa = PBXFrameworksBuildPhase;
			buildActionMask = 2147483647;
			files = (
				8348CC4EE2B318311486C28D /* libPods-ObjCTests.a in Frameworks */,
			);
			runOnlyForDeploymentPostprocessing = 0;
		};
		A8E777C11BB346B200FCB3C9 /* Frameworks */ = {
			isa = PBXFrameworksBuildPhase;
			buildActionMask = 2147483647;
			files = (
			);
			runOnlyForDeploymentPostprocessing = 0;
		};
/* End PBXFrameworksBuildPhase section */

/* Begin PBXGroup section */
		92D2A7DDC47C7C226DA0D44D /* Pods */ = {
			isa = PBXGroup;
			children = (
				860AD5AF3FDA3D786B2AF992 /* Pods-ObjCTests.debug.xcconfig */,
				D0EEF18A9C4038D9426B29B7 /* Pods-ObjCTests.release.xcconfig */,
			);
			name = Pods;
			sourceTree = "<group>";
		};
		99644E72E7DB86CDB9343370 /* Frameworks */ = {
			isa = PBXGroup;
			children = (
				EE65FF3E208421091152E8E5 /* libPods-ObjCTests.a */,
			);
			name = Frameworks;
			sourceTree = "<group>";
		};
		A80EA1ED1C157C4200A14755 /* NSString+GNExtensions */ = {
			isa = PBXGroup;
			children = (
				A8DC22BF1C14C415002BA42C /* NSString+GNExtensions.h */,
				A8DC22C01C14C415002BA42C /* NSString+GNExtensions.m */,
			);
			path = "NSString+GNExtensions";
			sourceTree = "<group>";
		};
		A8159B3E1C03169B00542191 /* C */ = {
			isa = PBXGroup;
			children = (
				A8159B3F1C03169B00542191 /* Sources */,
				A8159B5E1C03169B00542191 /* Tests */,
				A8159B5D1C03169B00542191 /* main.c */,
			);
			path = C;
			sourceTree = "<group>";
		};
		A8159B3F1C03169B00542191 /* Sources */ = {
			isa = PBXGroup;
			children = (
				A8159B401C03169B00542191 /* GNArray */,
				A8159B431C03169B00542191 /* GNBasicTypeValue */,
				A8159B451C03169B00542191 /* GNDynamicArray */,
				A8159B481C03169B00542191 /* GNHuman */,
				A8159B4B1C03169B00542191 /* GNMacros */,
				A8159B4D1C03169B00542191 /* GNObject */,
				A8159B501C03169B00542191 /* GNParentTypeOutput */,
				A8159B531C03169B00542191 /* GNPerformStructure */,
				A8159B551C03169B00542191 /* GNSizeOfTypes */,
				A8159B571C03169B00542191 /* GNString */,
				A8159B5A1C03169B00542191 /* GNValueBitOutput */,
			);
			path = Sources;
			sourceTree = "<group>";
		};
		A8159B401C03169B00542191 /* GNArray */ = {
			isa = PBXGroup;
			children = (
				A8159B411C03169B00542191 /* GNArray.c */,
				A8159B421C03169B00542191 /* GNArray.h */,
			);
			path = GNArray;
			sourceTree = "<group>";
		};
		A8159B431C03169B00542191 /* GNBasicTypeValue */ = {
			isa = PBXGroup;
			children = (
				A8159B441C03169B00542191 /* GNBasicTypeValue.h */,
			);
			path = GNBasicTypeValue;
			sourceTree = "<group>";
		};
		A8159B451C03169B00542191 /* GNDynamicArray */ = {
			isa = PBXGroup;
			children = (
				A8159B461C03169B00542191 /* GNDynamicArray.c */,
				A8159B471C03169B00542191 /* GNDynamicArray.h */,
			);
			path = GNDynamicArray;
			sourceTree = "<group>";
		};
		A8159B481C03169B00542191 /* GNHuman */ = {
			isa = PBXGroup;
			children = (
				A8159B491C03169B00542191 /* GNHuman.c */,
				A8159B4A1C03169B00542191 /* GNHuman.h */,
			);
			path = GNHuman;
			sourceTree = "<group>";
		};
		A8159B4B1C03169B00542191 /* GNMacros */ = {
			isa = PBXGroup;
			children = (
				A8159B4C1C03169B00542191 /* GNMacros.h */,
			);
			path = GNMacros;
			sourceTree = "<group>";
		};
		A8159B4D1C03169B00542191 /* GNObject */ = {
			isa = PBXGroup;
			children = (
				A8159B4E1C03169B00542191 /* GNObject.c */,
				A8159B4F1C03169B00542191 /* GNObject.h */,
			);
			path = GNObject;
			sourceTree = "<group>";
		};
		A8159B501C03169B00542191 /* GNParentTypeOutput */ = {
			isa = PBXGroup;
			children = (
				A8159B511C03169B00542191 /* GNParentTypeOutput.c */,
				A8159B521C03169B00542191 /* GNParentTypeOutput.h */,
			);
			path = GNParentTypeOutput;
			sourceTree = "<group>";
		};
		A8159B531C03169B00542191 /* GNPerformStructure */ = {
			isa = PBXGroup;
			children = (
				A8159B541C03169B00542191 /* GNPerformStructure.h */,
			);
			path = GNPerformStructure;
			sourceTree = "<group>";
		};
		A8159B551C03169B00542191 /* GNSizeOfTypes */ = {
			isa = PBXGroup;
			children = (
				A8159B561C03169B00542191 /* GNSizeOfTypes.h */,
			);
			path = GNSizeOfTypes;
			sourceTree = "<group>";
		};
		A8159B571C03169B00542191 /* GNString */ = {
			isa = PBXGroup;
			children = (
				A8159B581C03169B00542191 /* GNString.c */,
				A8159B591C03169B00542191 /* GNString.h */,
			);
			path = GNString;
			sourceTree = "<group>";
		};
		A8159B5A1C03169B00542191 /* GNValueBitOutput */ = {
			isa = PBXGroup;
			children = (
				A8159B5B1C03169B00542191 /* GNValueBitOutput.c */,
				A8159B5C1C03169B00542191 /* GNValueBitOutput.h */,
			);
			path = GNValueBitOutput;
			sourceTree = "<group>";
		};
		A8159B5E1C03169B00542191 /* Tests */ = {
			isa = PBXGroup;
			children = (
				A8159B5F1C03169B00542191 /* GNBasicTypeValuePrintTest */,
				A8159B621C03169B00542191 /* GNHumanTests */,
				A8159B651C03169B00542191 /* GNObjectTests */,
				A8159B681C03169B00542191 /* GNParentTypeOutputTests */,
				A8159B6B1C03169B00542191 /* GNSizeOfTypesPrintTest */,
				A8159B6E1C03169B00542191 /* GNStructurePrintTests */,
				A8159B711C03169B00542191 /* GNValueBitOutputTests */,
			);
			path = Tests;
			sourceTree = "<group>";
		};
		A8159B5F1C03169B00542191 /* GNBasicTypeValuePrintTest */ = {
			isa = PBXGroup;
			children = (
				A8159B601C03169B00542191 /* GNBasicTypeValuePrintTest.c */,
				A8159B611C03169B00542191 /* GNBasicTypeValuePrintTest.h */,
			);
			path = GNBasicTypeValuePrintTest;
			sourceTree = "<group>";
		};
		A8159B621C03169B00542191 /* GNHumanTests */ = {
			isa = PBXGroup;
			children = (
				A8159B631C03169B00542191 /* GNHumanTests.c */,
				A8159B641C03169B00542191 /* GNHumanTests.h */,
			);
			path = GNHumanTests;
			sourceTree = "<group>";
		};
		A8159B651C03169B00542191 /* GNObjectTests */ = {
			isa = PBXGroup;
			children = (
				A8159B661C03169B00542191 /* GNObjectTests.c */,
				A8159B671C03169B00542191 /* GNObjectTests.h */,
			);
			path = GNObjectTests;
			sourceTree = "<group>";
		};
		A8159B681C03169B00542191 /* GNParentTypeOutputTests */ = {
			isa = PBXGroup;
			children = (
				A8159B691C03169B00542191 /* GNParentTypeOutputTests.c */,
				A8159B6A1C03169B00542191 /* GNParentTypeOutputTests.h */,
			);
			path = GNParentTypeOutputTests;
			sourceTree = "<group>";
		};
		A8159B6B1C03169B00542191 /* GNSizeOfTypesPrintTest */ = {
			isa = PBXGroup;
			children = (
				A8159B6C1C03169B00542191 /* GNSizeOfTypesPrintTest.c */,
				A8159B6D1C03169B00542191 /* GNSizeOfTypesPrintTest.h */,
			);
			path = GNSizeOfTypesPrintTest;
			sourceTree = "<group>";
		};
		A8159B6E1C03169B00542191 /* GNStructurePrintTests */ = {
			isa = PBXGroup;
			children = (
				A8159B6F1C03169B00542191 /* GNStructurePrintTests.c */,
				A8159B701C03169B00542191 /* GNStructurePrintTests.h */,
			);
			path = GNStructurePrintTests;
			sourceTree = "<group>";
		};
		A8159B711C03169B00542191 /* GNValueBitOutputTests */ = {
			isa = PBXGroup;
			children = (
				A8159B721C03169B00542191 /* GNValueBitOutputTests.c */,
				A8159B731C03169B00542191 /* GNValueBitOutputTests.h */,
			);
			path = GNValueBitOutputTests;
			sourceTree = "<group>";
		};
		A87C85931C15C079009547A4 /* GNCarWash */ = {
			isa = PBXGroup;
			children = (
				A8ACD7DE1C5448D8009707BA /* GNDispatcher */,
				A8D767841C5239B300E61E0E /* GNController */,
				A8C1C7FF1C3F37AF0088E276 /* GNObservableObject */,
				A88FA4051C19C40B00118AF1 /* Protocols */,
				A8BBD9B81C29514B00184407 /* GNQueue */,
				A8F78A141C16F24A0021AC10 /* GNEmployee */,
				A87C85A71C15CB10009547A4 /* GNCar */,
			);
			path = GNCarWash;
			sourceTree = "<group>";
		};
		A87C85A71C15CB10009547A4 /* GNCar */ = {
			isa = PBXGroup;
			children = (
				A87C85A81C15CB45009547A4 /* GNCar.h */,
				A87C85A91C15CB45009547A4 /* GNCar.m */,
			);
			path = GNCar;
			sourceTree = "<group>";
		};
		A88FA4051C19C40B00118AF1 /* Protocols */ = {
			isa = PBXGroup;
			children = (
				A88FA4061C19C45500118AF1 /* GNCashProtocol.h */,
				A825A2DD1C42C61000D7EE43 /* GNEmployeeObserverProtocol.h */,
			);
			path = Protocols;
			sourceTree = "<group>";
		};
		A8A6A13A1C14D825008B7A63 /* Specs */ = {
			isa = PBXGroup;
			children = (
				A8A6A13D1C14E171008B7A63 /* GNBeingSpec.m */,
				A8A6A13F1C150929008B7A63 /* NSString+GNExtensionsSpec.m */,
			);
			path = Specs;
			sourceTree = "<group>";
		};
		A8ACD7DE1C5448D8009707BA /* GNDispatcher */ = {
			isa = PBXGroup;
			children = (
				A8ACD7DF1C544916009707BA /* GNDispatcher.h */,
				A8ACD7E01C544916009707BA /* GNDispatcher.m */,
			);
			path = GNDispatcher;
			sourceTree = "<group>";
		};
		A8BBD9B81C29514B00184407 /* GNQueue */ = {
			isa = PBXGroup;
			children = (
				A8E094B61C43C6A30022A23E /* GNQueue.h */,
				A8E094B71C43C6A30022A23E /* GNQueue.m */,
			);
			path = GNQueue;
			sourceTree = "<group>";
		};
		A8C1C7FF1C3F37AF0088E276 /* GNObservableObject */ = {
			isa = PBXGroup;
			children = (
				A8C1C8001C3F38620088E276 /* GNObservableObject.h */,
				A8C1C8011C3F38620088E276 /* GNObservableObject.m */,
			);
			path = GNObservableObject;
			sourceTree = "<group>";
		};
		A8D767841C5239B300E61E0E /* GNController */ = {
			isa = PBXGroup;
			children = (
				A8D767851C5239F600E61E0E /* GNController.h */,
				A8D767861C5239F600E61E0E /* GNController.m */,
			);
			path = GNController;
			sourceTree = "<group>";
		};
		A8DA330D1C6C2E4800309017 /* Common */ = {
			isa = PBXGroup;
			children = (
				A8DA33111C6C31EC00309017 /* GNDispatch */,
			);
			path = Common;
			sourceTree = "<group>";
		};
		A8DA33111C6C31EC00309017 /* GNDispatch */ = {
			isa = PBXGroup;
			children = (
				A8DA331C1C6C332F00309017 /* GNDispatch.h */,
				A8DA331A1C6C331D00309017 /* GNDispatch.m */,
			);
			path = GNDispatch;
			sourceTree = "<group>";
		};
		A8DC22B51C14C04B002BA42C /* ObjCTests */ = {
			isa = PBXGroup;
			children = (
				A8A6A13A1C14D825008B7A63 /* Specs */,
				A8DC22B41C14C04B002BA42C /* ObjCTests.xctest */,
				A8DC22B81C14C04B002BA42C /* Info.plist */,
			);
			path = ObjCTests;
			sourceTree = "<group>";
		};
		A8DC22BC1C14C415002BA42C /* ObjC */ = {
			isa = PBXGroup;
			children = (
				A8DA330D1C6C2E4800309017 /* Common */,
				A8DC22BD1C14C415002BA42C /* Sources */,
				A8DC22D21C14C415002BA42C /* Tests */,
				A8E094B51C43A7AF0022A23E /* GNPrefixHeader.pch */,
				A8DC22D11C14C415002BA42C /* main.m */,
			);
			path = ObjC;
			sourceTree = "<group>";
		};
		A8DC22BD1C14C415002BA42C /* Sources */ = {
			isa = PBXGroup;
			children = (
				A87C85931C15C079009547A4 /* GNCarWash */,
				A8F78A0D1C16EB190021AC10 /* GNEnterprise.h */,
				A8F78A0E1C16EB190021AC10 /* GNEnterprise.m */,
				A8DC22BE1C14C415002BA42C /* Categories */,
				A8DC22C11C14C415002BA42C /* GNBeing */,
			);
			path = Sources;
			sourceTree = "<group>";
		};
		A8DC22BE1C14C415002BA42C /* Categories */ = {
			isa = PBXGroup;
			children = (
				A80EA1ED1C157C4200A14755 /* NSString+GNExtensions */,
				A8DC22CC1C14C415002BA42C /* NSObject+GNExtensions */,
			);
			path = Categories;
			sourceTree = "<group>";
		};
		A8DC22C11C14C415002BA42C /* GNBeing */ = {
			isa = PBXGroup;
			children = (
				A8DC22C21C14C415002BA42C /* Declarations */,
				A8DC22CF1C14C415002BA42C /* Protocol */,
				A8DC22C41C14C415002BA42C /* GNBeing.h */,
				A8DC22C51C14C415002BA42C /* GNBeing.m */,
				A8DC22C91C14C415002BA42C /* GNMale */,
				A8DC22C61C14C415002BA42C /* GNFemale */,
			);
			path = GNBeing;
			sourceTree = "<group>";
		};
		A8DC22C21C14C415002BA42C /* Declarations */ = {
			isa = PBXGroup;
			children = (
				A8DC22C31C14C415002BA42C /* GNTypeDefs.h */,
			);
			path = Declarations;
			sourceTree = "<group>";
		};
		A8DC22C61C14C415002BA42C /* GNFemale */ = {
			isa = PBXGroup;
			children = (
				A8DC22C71C14C415002BA42C /* GNFemale.h */,
				A8DC22C81C14C415002BA42C /* GNFemale.m */,
			);
			path = GNFemale;
			sourceTree = "<group>";
		};
		A8DC22C91C14C415002BA42C /* GNMale */ = {
			isa = PBXGroup;
			children = (
				A8DC22CA1C14C415002BA42C /* GNMale.h */,
				A8DC22CB1C14C415002BA42C /* GNMale.m */,
			);
			path = GNMale;
			sourceTree = "<group>";
		};
		A8DC22CC1C14C415002BA42C /* NSObject+GNExtensions */ = {
			isa = PBXGroup;
			children = (
				A8DC22CD1C14C415002BA42C /* NSObject+GNExtensions.h */,
				A8DC22CE1C14C415002BA42C /* NSObject+GNExtensions.m */,
			);
			path = "NSObject+GNExtensions";
			sourceTree = "<group>";
		};
		A8DC22CF1C14C415002BA42C /* Protocol */ = {
			isa = PBXGroup;
			children = (
				A8DC22D01C14C415002BA42C /* GNBeingProtocol.h */,
			);
			path = Protocol;
			sourceTree = "<group>";
		};
		A8DC22D21C14C415002BA42C /* Tests */ = {
			isa = PBXGroup;
			children = (
				A8DC22D31C14C415002BA42C /* GNBeingTests */,
			);
			path = Tests;
			sourceTree = "<group>";
		};
		A8DC22D31C14C415002BA42C /* GNBeingTests */ = {
			isa = PBXGroup;
			children = (
				A8DC22D41C14C415002BA42C /* GNBeingTests.h */,
				A8DC22D51C14C415002BA42C /* GNBeingTests.m */,
			);
			path = GNBeingTests;
			sourceTree = "<group>";
		};
		A8E777BB1BB346B200FCB3C9 = {
			isa = PBXGroup;
			children = (
				A8DC22BC1C14C415002BA42C /* ObjC */,
				A8159B3E1C03169B00542191 /* C */,
				A8DC22B51C14C04B002BA42C /* ObjCTests */,
				92D2A7DDC47C7C226DA0D44D /* Pods */,
				99644E72E7DB86CDB9343370 /* Frameworks */,
				A83B0A701C14CB3E00F9909C /* GNLearnC */,
				A83B0A711C14CB3E00F9909C /* GNLearnObjC */,
			);
			sourceTree = "<group>";
			wrapsLines = 1;
		};
		A8F78A141C16F24A0021AC10 /* GNEmployee */ = {
			isa = PBXGroup;
			children = (
				A8F78A2C1C16FFB60021AC10 /* GNWasherman */,
				A8F78A281C16FF8D0021AC10 /* GNAccountant */,
				A8F78A241C16FF340021AC10 /* GNManager */,
				A8F78A151C16F2790021AC10 /* GNEmployee.h */,
				A8F78A161C16F2790021AC10 /* GNEmployee.m */,
			);
			path = GNEmployee;
			sourceTree = "<group>";
		};
		A8F78A241C16FF340021AC10 /* GNManager */ = {
			isa = PBXGroup;
			children = (
				A8F78A251C16FF7F0021AC10 /* GNManager.h */,
				A8F78A261C16FF7F0021AC10 /* GNManager.m */,
			);
			path = GNManager;
			sourceTree = "<group>";
		};
		A8F78A281C16FF8D0021AC10 /* GNAccountant */ = {
			isa = PBXGroup;
			children = (
				A8F78A291C16FFB00021AC10 /* GNAccountant.h */,
				A8F78A2A1C16FFB00021AC10 /* GNAccountant.m */,
			);
			path = GNAccountant;
			sourceTree = "<group>";
		};
		A8F78A2C1C16FFB60021AC10 /* GNWasherman */ = {
			isa = PBXGroup;
			children = (
				A8F78A2D1C16FFD40021AC10 /* GNWasherman.h */,
				A8F78A2E1C16FFD40021AC10 /* GNWasherman.m */,
			);
			path = GNWasherman;
			sourceTree = "<group>";
		};
/* End PBXGroup section */

/* Begin PBXNativeTarget section */
		A89422321C03138B006C1164 /* GNLearnObjC */ = {
			isa = PBXNativeTarget;
			buildConfigurationList = A89422371C03138B006C1164 /* Build configuration list for PBXNativeTarget "GNLearnObjC" */;
			buildPhases = (
				A894222F1C03138B006C1164 /* Sources */,
				A89422301C03138B006C1164 /* Frameworks */,
				A89422311C03138B006C1164 /* CopyFiles */,
			);
			buildRules = (
			);
			dependencies = (
			);
			name = GNLearnObjC;
			productName = GNLearnObjC;
			productReference = A83B0A711C14CB3E00F9909C /* GNLearnObjC */;
			productType = "com.apple.product-type.tool";
		};
		A8DC22B31C14C04B002BA42C /* ObjCTests */ = {
			isa = PBXNativeTarget;
			buildConfigurationList = A8DC22B91C14C04B002BA42C /* Build configuration list for PBXNativeTarget "ObjCTests" */;
			buildPhases = (
				7607DC719D85C4986AF6011B /* Check Pods Manifest.lock */,
				A8DC22B01C14C04B002BA42C /* Sources */,
				A8DC22B11C14C04B002BA42C /* Frameworks */,
				A8DC22B21C14C04B002BA42C /* Resources */,
				CA672A0B6F18C7DD22834CA4 /* Embed Pods Frameworks */,
				49BD0E2ECDA161B72872269B /* Copy Pods Resources */,
			);
			buildRules = (
			);
			dependencies = (
			);
			name = ObjCTests;
			productName = ObjCTests;
			productReference = A8DC22B41C14C04B002BA42C /* ObjCTests.xctest */;
			productType = "com.apple.product-type.bundle.unit-test";
		};
		A8E777C31BB346B200FCB3C9 /* GNLearnC */ = {
			isa = PBXNativeTarget;
			buildConfigurationList = A8E777CB1BB346B200FCB3C9 /* Build configuration list for PBXNativeTarget "GNLearnC" */;
			buildPhases = (
				A8E777C01BB346B200FCB3C9 /* Sources */,
				A8E777C11BB346B200FCB3C9 /* Frameworks */,
				A8E777C21BB346B200FCB3C9 /* CopyFiles */,
			);
			buildRules = (
			);
			dependencies = (
			);
			name = GNLearnC;
			productName = GNLearnC;
			productReference = A83B0A701C14CB3E00F9909C /* GNLearnC */;
			productType = "com.apple.product-type.tool";
		};
/* End PBXNativeTarget section */

/* Begin PBXProject section */
		A8E777BC1BB346B200FCB3C9 /* Project object */ = {
			isa = PBXProject;
			attributes = {
				LastUpgradeCheck = 0700;
				ORGANIZATIONNAME = "IDAP College";
				TargetAttributes = {
					A89422321C03138B006C1164 = {
						CreatedOnToolsVersion = 7.1.1;
					};
					A8DC22B31C14C04B002BA42C = {
						CreatedOnToolsVersion = 7.1.1;
					};
					A8E777C31BB346B200FCB3C9 = {
						CreatedOnToolsVersion = 6.2;
					};
				};
			};
			buildConfigurationList = A8E777BF1BB346B200FCB3C9 /* Build configuration list for PBXProject "GNLearnCoding" */;
			compatibilityVersion = "Xcode 3.2";
			developmentRegion = English;
			hasScannedForEncodings = 0;
			knownRegions = (
				en,
			);
			mainGroup = A8E777BB1BB346B200FCB3C9;
			productRefGroup = A8E777BB1BB346B200FCB3C9;
			projectDirPath = "";
			projectRoot = "";
			targets = (
				A8E777C31BB346B200FCB3C9 /* GNLearnC */,
				A89422321C03138B006C1164 /* GNLearnObjC */,
				A8DC22B31C14C04B002BA42C /* ObjCTests */,
			);
		};
/* End PBXProject section */

/* Begin PBXResourcesBuildPhase section */
		A8DC22B21C14C04B002BA42C /* Resources */ = {
			isa = PBXResourcesBuildPhase;
			buildActionMask = 2147483647;
			files = (
			);
			runOnlyForDeploymentPostprocessing = 0;
		};
/* End PBXResourcesBuildPhase section */

/* Begin PBXShellScriptBuildPhase section */
		49BD0E2ECDA161B72872269B /* Copy Pods Resources */ = {
			isa = PBXShellScriptBuildPhase;
			buildActionMask = 2147483647;
			files = (
			);
			inputPaths = (
			);
			name = "Copy Pods Resources";
			outputPaths = (
			);
			runOnlyForDeploymentPostprocessing = 0;
			shellPath = /bin/sh;
			shellScript = "\"${SRCROOT}/Pods/Target Support Files/Pods-ObjCTests/Pods-ObjCTests-resources.sh\"\n";
			showEnvVarsInLog = 0;
		};
		7607DC719D85C4986AF6011B /* Check Pods Manifest.lock */ = {
			isa = PBXShellScriptBuildPhase;
			buildActionMask = 2147483647;
			files = (
			);
			inputPaths = (
			);
			name = "Check Pods Manifest.lock";
			outputPaths = (
			);
			runOnlyForDeploymentPostprocessing = 0;
			shellPath = /bin/sh;
			shellScript = "diff \"${PODS_ROOT}/../Podfile.lock\" \"${PODS_ROOT}/Manifest.lock\" > /dev/null\nif [[ $? != 0 ]] ; then\n    cat << EOM\nerror: The sandbox is not in sync with the Podfile.lock. Run 'pod install' or update your CocoaPods installation.\nEOM\n    exit 1\nfi\n";
			showEnvVarsInLog = 0;
		};
		CA672A0B6F18C7DD22834CA4 /* Embed Pods Frameworks */ = {
			isa = PBXShellScriptBuildPhase;
			buildActionMask = 2147483647;
			files = (
			);
			inputPaths = (
			);
			name = "Embed Pods Frameworks";
			outputPaths = (
			);
			runOnlyForDeploymentPostprocessing = 0;
			shellPath = /bin/sh;
			shellScript = "\"${SRCROOT}/Pods/Target Support Files/Pods-ObjCTests/Pods-ObjCTests-frameworks.sh\"\n";
			showEnvVarsInLog = 0;
		};
/* End PBXShellScriptBuildPhase section */

/* Begin PBXSourcesBuildPhase section */
		A894222F1C03138B006C1164 /* Sources */ = {
			isa = PBXSourcesBuildPhase;
			buildActionMask = 2147483647;
			files = (
				A8DC22DA1C14C415002BA42C /* GNFemale.m in Sources */,
				A8C1C8031C3F40FF0088E276 /* GNObservableObject.m in Sources */,
				A8D767881C5243B400E61E0E /* GNController.m in Sources */,
				A8DC22DE1C14C415002BA42C /* NSObject+GNExtensions.m in Sources */,
				A8F78A271C16FF7F0021AC10 /* GNManager.m in Sources */,
				A8F78A171C16F2790021AC10 /* GNEmployee.m in Sources */,
				A8F78A0F1C16EB190021AC10 /* GNEnterprise.m in Sources */,
				A8F78A2B1C16FFB00021AC10 /* GNAccountant.m in Sources */,
				A8DC22D81C14C415002BA42C /* GNBeing.m in Sources */,
				A8ACD7E21C55BE40009707BA /* GNDispatcher.m in Sources */,
				A8DA331B1C6C331D00309017 /* GNDispatch.m in Sources */,
				A8DC22D61C14C415002BA42C /* NSString+GNExtensions.m in Sources */,
				A8DC22E01C14C415002BA42C /* main.m in Sources */,
				A8DC22E21C14C415002BA42C /* GNBeingTests.m in Sources */,
				A8DC22DC1C14C415002BA42C /* GNMale.m in Sources */,
				A87C85AA1C15CB45009547A4 /* GNCar.m in Sources */,
				A8F78A2F1C16FFD40021AC10 /* GNWasherman.m in Sources */,
				A87D815A1C517C8D00D833B9 /* GNQueue.m in Sources */,
			);
			runOnlyForDeploymentPostprocessing = 0;
		};
		A8DC22B01C14C04B002BA42C /* Sources */ = {
			isa = PBXSourcesBuildPhase;
			buildActionMask = 2147483647;
			files = (
				A8DC22DB1C14C415002BA42C /* GNFemale.m in Sources */,
				A8DC22DF1C14C415002BA42C /* NSObject+GNExtensions.m in Sources */,
				A8DC22D91C14C415002BA42C /* GNBeing.m in Sources */,
				A8DC22D71C14C415002BA42C /* NSString+GNExtensions.m in Sources */,
				A8DC22E31C14C415002BA42C /* GNBeingTests.m in Sources */,
				A8A6A13E1C14E171008B7A63 /* GNBeingSpec.m in Sources */,
				A8A6A1401C150929008B7A63 /* NSString+GNExtensionsSpec.m in Sources */,
				A8DC22DD1C14C415002BA42C /* GNMale.m in Sources */,
			);
			runOnlyForDeploymentPostprocessing = 0;
		};
		A8E777C01BB346B200FCB3C9 /* Sources */ = {
			isa = PBXSourcesBuildPhase;
			buildActionMask = 2147483647;
			files = (
				A8159B7E1C03169B00542191 /* GNObjectTests.c in Sources */,
				A8159B751C03169B00542191 /* GNDynamicArray.c in Sources */,
				A8159B7A1C03169B00542191 /* GNValueBitOutput.c in Sources */,
				A8159B821C03169B00542191 /* GNValueBitOutputTests.c in Sources */,
				A8159B791C03169B00542191 /* GNString.c in Sources */,
				A8159B7C1C03169B00542191 /* GNBasicTypeValuePrintTest.c in Sources */,
				A8159B7D1C03169B00542191 /* GNHumanTests.c in Sources */,
				A8159B811C03169B00542191 /* GNStructurePrintTests.c in Sources */,
				A8159B741C03169B00542191 /* GNArray.c in Sources */,
				A8159B7F1C03169B00542191 /* GNParentTypeOutputTests.c in Sources */,
				A8159B7B1C03169B00542191 /* main.c in Sources */,
				A8159B801C03169B00542191 /* GNSizeOfTypesPrintTest.c in Sources */,
				A8159B761C03169B00542191 /* GNHuman.c in Sources */,
				A8159B771C03169B00542191 /* GNObject.c in Sources */,
				A8159B781C03169B00542191 /* GNParentTypeOutput.c in Sources */,
			);
			runOnlyForDeploymentPostprocessing = 0;
		};
/* End PBXSourcesBuildPhase section */

/* Begin XCBuildConfiguration section */
		A89422381C03138B006C1164 /* Debug */ = {
			isa = XCBuildConfiguration;
			buildSettings = {
				CLANG_ENABLE_OBJC_ARC = NO;
				CODE_SIGN_IDENTITY = "-";
				DEBUG_INFORMATION_FORMAT = dwarf;
				GCC_NO_COMMON_BLOCKS = YES;
				GCC_PREFIX_HEADER = ObjC/GNPrefixHeader.pch;
				MACOSX_DEPLOYMENT_TARGET = 10.11;
				PRODUCT_NAME = "$(TARGET_NAME)";
			};
			name = Debug;
		};
		A89422391C03138B006C1164 /* Release */ = {
			isa = XCBuildConfiguration;
			buildSettings = {
				CLANG_ENABLE_OBJC_ARC = NO;
				CODE_SIGN_IDENTITY = "-";
				GCC_NO_COMMON_BLOCKS = YES;
				GCC_PREFIX_HEADER = ObjC/GNPrefixHeader.pch;
				MACOSX_DEPLOYMENT_TARGET = 10.11;
				PRODUCT_NAME = "$(TARGET_NAME)";
			};
			name = Release;
		};
		A8DC22BA1C14C04B002BA42C /* Debug */ = {
			isa = XCBuildConfiguration;
			baseConfigurationReference = 860AD5AF3FDA3D786B2AF992 /* Pods-ObjCTests.debug.xcconfig */;
			buildSettings = {
				CODE_SIGN_IDENTITY = "-";
				COMBINE_HIDPI_IMAGES = YES;
				DEBUG_INFORMATION_FORMAT = dwarf;
				GCC_NO_COMMON_BLOCKS = YES;
				INFOPLIST_FILE = ObjCTests/Info.plist;
				LD_RUNPATH_SEARCH_PATHS = "$(inherited) @executable_path/../Frameworks @loader_path/../Frameworks";
				MACOSX_DEPLOYMENT_TARGET = 10.11;
				PRODUCT_BUNDLE_IDENTIFIER = com.garynine.ObjCTests;
				PRODUCT_NAME = "$(TARGET_NAME)";
			};
			name = Debug;
		};
		A8DC22BB1C14C04B002BA42C /* Release */ = {
			isa = XCBuildConfiguration;
			baseConfigurationReference = D0EEF18A9C4038D9426B29B7 /* Pods-ObjCTests.release.xcconfig */;
			buildSettings = {
				CODE_SIGN_IDENTITY = "-";
				COMBINE_HIDPI_IMAGES = YES;
				GCC_NO_COMMON_BLOCKS = YES;
				INFOPLIST_FILE = ObjCTests/Info.plist;
				LD_RUNPATH_SEARCH_PATHS = "$(inherited) @executable_path/../Frameworks @loader_path/../Frameworks";
				MACOSX_DEPLOYMENT_TARGET = 10.11;
				PRODUCT_BUNDLE_IDENTIFIER = com.garynine.ObjCTests;
				PRODUCT_NAME = "$(TARGET_NAME)";
			};
			name = Release;
		};
		A8E777C91BB346B200FCB3C9 /* Debug */ = {
			isa = XCBuildConfiguration;
			buildSettings = {
				ALWAYS_SEARCH_USER_PATHS = NO;
				CLANG_CXX_LANGUAGE_STANDARD = "gnu++0x";
				CLANG_CXX_LIBRARY = "libc++";
				CLANG_ENABLE_MODULES = YES;
				CLANG_ENABLE_OBJC_ARC = YES;
				CLANG_WARN_BOOL_CONVERSION = YES;
				CLANG_WARN_CONSTANT_CONVERSION = YES;
				CLANG_WARN_DIRECT_OBJC_ISA_USAGE = YES_ERROR;
				CLANG_WARN_EMPTY_BODY = YES;
				CLANG_WARN_ENUM_CONVERSION = YES;
				CLANG_WARN_INT_CONVERSION = YES;
				CLANG_WARN_OBJC_ROOT_CLASS = YES_ERROR;
				CLANG_WARN_UNREACHABLE_CODE = YES;
				CLANG_WARN__DUPLICATE_METHOD_MATCH = YES;
				COPY_PHASE_STRIP = NO;
				ENABLE_STRICT_OBJC_MSGSEND = YES;
				ENABLE_TESTABILITY = YES;
				GCC_C_LANGUAGE_STANDARD = gnu99;
				GCC_DYNAMIC_NO_PIC = NO;
				GCC_OPTIMIZATION_LEVEL = 0;
				GCC_PREPROCESSOR_DEFINITIONS = (
					"DEBUG=1",
					"$(inherited)",
				);
				GCC_SYMBOLS_PRIVATE_EXTERN = NO;
				GCC_WARN_64_TO_32_BIT_CONVERSION = YES;
				GCC_WARN_ABOUT_RETURN_TYPE = YES_ERROR;
				GCC_WARN_UNDECLARED_SELECTOR = YES;
				GCC_WARN_UNINITIALIZED_AUTOS = YES_AGGRESSIVE;
				GCC_WARN_UNUSED_FUNCTION = YES;
				GCC_WARN_UNUSED_VARIABLE = YES;
				MACOSX_DEPLOYMENT_TARGET = 10.9;
				MTL_ENABLE_DEBUG_INFO = YES;
				ONLY_ACTIVE_ARCH = YES;
			};
			name = Debug;
		};
		A8E777CA1BB346B200FCB3C9 /* Release */ = {
			isa = XCBuildConfiguration;
			buildSettings = {
				ALWAYS_SEARCH_USER_PATHS = NO;
				CLANG_CXX_LANGUAGE_STANDARD = "gnu++0x";
				CLANG_CXX_LIBRARY = "libc++";
				CLANG_ENABLE_MODULES = YES;
				CLANG_ENABLE_OBJC_ARC = YES;
				CLANG_WARN_BOOL_CONVERSION = YES;
				CLANG_WARN_CONSTANT_CONVERSION = YES;
				CLANG_WARN_DIRECT_OBJC_ISA_USAGE = YES_ERROR;
				CLANG_WARN_EMPTY_BODY = YES;
				CLANG_WARN_ENUM_CONVERSION = YES;
				CLANG_WARN_INT_CONVERSION = YES;
				CLANG_WARN_OBJC_ROOT_CLASS = YES_ERROR;
				CLANG_WARN_UNREACHABLE_CODE = YES;
				CLANG_WARN__DUPLICATE_METHOD_MATCH = YES;
				COPY_PHASE_STRIP = NO;
				DEBUG_INFORMATION_FORMAT = "dwarf-with-dsym";
				ENABLE_NS_ASSERTIONS = NO;
				ENABLE_STRICT_OBJC_MSGSEND = YES;
				GCC_C_LANGUAGE_STANDARD = gnu99;
				GCC_WARN_64_TO_32_BIT_CONVERSION = YES;
				GCC_WARN_ABOUT_RETURN_TYPE = YES_ERROR;
				GCC_WARN_UNDECLARED_SELECTOR = YES;
				GCC_WARN_UNINITIALIZED_AUTOS = YES_AGGRESSIVE;
				GCC_WARN_UNUSED_FUNCTION = YES;
				GCC_WARN_UNUSED_VARIABLE = YES;
				MACOSX_DEPLOYMENT_TARGET = 10.9;
				MTL_ENABLE_DEBUG_INFO = NO;
			};
			name = Release;
		};
		A8E777CC1BB346B200FCB3C9 /* Debug */ = {
			isa = XCBuildConfiguration;
			buildSettings = {
				GCC_PREFIX_HEADER = LearnObjC/ObjC/;
				PRODUCT_NAME = "$(TARGET_NAME)";
			};
			name = Debug;
		};
		A8E777CD1BB346B200FCB3C9 /* Release */ = {
			isa = XCBuildConfiguration;
			buildSettings = {
				GCC_PREFIX_HEADER = LearnObjC/ObjC/;
				PRODUCT_NAME = "$(TARGET_NAME)";
			};
			name = Release;
		};
/* End XCBuildConfiguration section */

/* Begin XCConfigurationList section */
		A89422371C03138B006C1164 /* Build configuration list for PBXNativeTarget "GNLearnObjC" */ = {
			isa = XCConfigurationList;
			buildConfigurations = (
				A89422381C03138B006C1164 /* Debug */,
				A89422391C03138B006C1164 /* Release */,
			);
			defaultConfigurationIsVisible = 0;
			defaultConfigurationName = Release;
		};
		A8DC22B91C14C04B002BA42C /* Build configuration list for PBXNativeTarget "ObjCTests" */ = {
			isa = XCConfigurationList;
			buildConfigurations = (
				A8DC22BA1C14C04B002BA42C /* Debug */,
				A8DC22BB1C14C04B002BA42C /* Release */,
			);
			defaultConfigurationIsVisible = 0;
			defaultConfigurationName = Release;
		};
		A8E777BF1BB346B200FCB3C9 /* Build configuration list for PBXProject "GNLearnCoding" */ = {
			isa = XCConfigurationList;
			buildConfigurations = (
				A8E777C91BB346B200FCB3C9 /* Debug */,
				A8E777CA1BB346B200FCB3C9 /* Release */,
			);
			defaultConfigurationIsVisible = 0;
			defaultConfigurationName = Release;
		};
		A8E777CB1BB346B200FCB3C9 /* Build configuration list for PBXNativeTarget "GNLearnC" */ = {
			isa = XCConfigurationList;
			buildConfigurations = (
				A8E777CC1BB346B200FCB3C9 /* Debug */,
				A8E777CD1BB346B200FCB3C9 /* Release */,
			);
			defaultConfigurationIsVisible = 0;
			defaultConfigurationName = Release;
		};
/* End XCConfigurationList section */
	};
	rootObject = A8E777BC1BB346B200FCB3C9 /* Project object */;
}
